<?xml version="1.0" encoding="utf-8"?>
<Project ToolsVersion="4.0" xmlns="http://schemas.microsoft.com/developer/msbuild/2003">
  <ItemGroup>
    <Filter Include="Source Files">
      <UniqueIdentifier>{4FC737F1-C7A5-4376-A066-2A32D752A2FF}</UniqueIdentifier>
      <Extensions>cpp;c;cc;cxx;c++;cppm;ixx;def;odl;idl;hpj;bat;asm;asmx</Extensions>
    </Filter>
    <Filter Include="Header Files">
      <UniqueIdentifier>{93995380-89BD-4b04-88EB-625FBE52EBFB}</UniqueIdentifier>
      <Extensions>h;hh;hpp;hxx;h++;hm;inl;inc;ipp;xsd</Extensions>
    </Filter>
    <Filter Include="Resource Files">
      <UniqueIdentifier>{67DA6AB6-F800-4c08-8B7A-83BB121AAD01}</UniqueIdentifier>
      <Extensions>rc;ico;cur;bmp;dlg;rc2;rct;bin;rgs;gif;jpg;jpeg;jpe;resx;tiff;tif;png;wav;mfcribbon-ms</Extensions>
    </Filter>
  </ItemGroup>
  <ItemGroup>
    <ClInclude Include="framework.h">
      <Filter>Header Files</Filter>
    </ClInclude>
    <ClInclude Include="targetver.h">
      <Filter>Header Files</Filter>
    </ClInclude>
    <ClInclude Include="Resource.h">
      <Filter>Header Files</Filter>
    </ClInclude>
    <ClInclude Include="pch.h">
      <Filter>Header Files</Filter>
    </ClInclude>
    <ClInclude Include="..\SPosLoyalty4Shared\AccountIdentifier.h">
      <Filter>Header Files</Filter>
    </ClInclude>
    <ClInclude Include="..\SPosLoyalty4Shared\AlertText_base.h">
      <Filter>Header Files</Filter>
    </ClInclude>
    <ClInclude Include="..\SPosLoyalty4Shared\AuditRecord_base.h">
      <Filter>Header Files</Filter>
    </ClInclude>
    <ClInclude Include="..\SPosLoyalty4Shared\Consolidation.h">
      <Filter>Header Files</Filter>
    </ClInclude>
    <ClInclude Include="..\SPosLoyalty4Shared\EnhancedIniFile.h">
      <Filter>Header Files</Filter>
    </ClInclude>
    <ClInclude Include="..\SPosLoyalty4Shared\FilenameHandler.h">
      <Filter>Header Files</Filter>
    </ClInclude>
    <ClInclude Include="..\SPosLoyalty4Shared\FileRemover.h">
      <Filter>Header Files</Filter>
    </ClInclude>
    <ClInclude Include="..\SPosLoyalty4Shared\GlobalFunctions.h">
      <Filter>Header Files</Filter>
    </ClInclude>
    <ClInclude Include="..\SPosLoyalty4Shared\ImageHandler.h">
      <Filter>Header Files</Filter>
    </ClInclude>
    <ClInclude Include="..\SPosLoyalty4Shared\LoyaltySubs.h">
      <Filter>Header Files</Filter>
    </ClInclude>
    <ClInclude Include="..\SPosLoyalty4Shared\MyMessageBoxInfo.h">
      <Filter>Header Files</Filter>
    </ClInclude>
    <ClInclude Include="..\SPosLoyalty4Shared\MyMessageBoxStatic.h">
      <Filter>Header Files</Filter>
    </ClInclude>
    <ClInclude Include="..\SPosLoyalty4Shared\PresentationOptions.h">
      <Filter>Header Files</Filter>
    </ClInclude>
    <ClInclude Include="..\SPosLoyalty4Shared\RedeemPoints.h">
      <Filter>Header Files</Filter>
    </ClInclude>
    <ClInclude Include="..\SPosLoyalty4Shared\ReportConsolidationArray.h">
      <Filter>Header Files</Filter>
    </ClInclude>
    <ClInclude Include="..\SPosLoyalty4Shared\ServerData.h">
      <Filter>Header Files</Filter>
    </ClInclude>
    <ClInclude Include="..\SPosLoyalty4Shared\SystemData.h">
      <Filter>Header Files</Filter>
    </ClInclude>
    <ClInclude Include="..\SPosLoyalty4Shared\TLogRecord_base.h">
      <Filter>Header Files</Filter>
    </ClInclude>
    <ClInclude Include="AboutDlg.h">
      <Filter>Header Files</Filter>
    </ClInclude>
    <ClInclude Include="AccumulatorPropertyPage1.h">
      <Filter>Header Files</Filter>
    </ClInclude>
    <ClInclude Include="AccumulatorPropertyPage2.h">
      <Filter>Header Files</Filter>
    </ClInclude>
    <ClInclude Include="AccumulatorPropertySheet.h">
      <Filter>Header Files</Filter>
    </ClInclude>
    <ClInclude Include="AddCashDlg.h">
      <Filter>Header Files</Filter>
    </ClInclude>
    <ClInclude Include="AddLoyaltyDlg.h">
      <Filter>Header Files</Filter>
    </ClInclude>
    <ClInclude Include="AddPointsDlg.h">
      <Filter>Header Files</Filter>
    </ClInclude>
    <ClInclude Include="AtcArchiveDlg.h">
      <Filter>Header Files</Filter>
    </ClInclude>
    <ClInclude Include="AtcDateList.h">
      <Filter>Header Files</Filter>
    </ClInclude>
    <ClInclude Include="AuditRecord.h">
      <Filter>Header Files</Filter>
    </ClInclude>
    <ClInclude Include="AuditReport.h">
      <Filter>Header Files</Filter>
    </ClInclude>
    <ClInclude Include="AuditReportDlg.h">
      <Filter>Header Files</Filter>
    </ClInclude>
    <ClInclude Include="BatchPropertyPage1.h">
      <Filter>Header Files</Filter>
    </ClInclude>
    <ClInclude Include="BatchPropertyPage2.h">
      <Filter>Header Files</Filter>
    </ClInclude>
    <ClInclude Include="BatchPropertyPage3.h">
      <Filter>Header Files</Filter>
    </ClInclude>
    <ClInclude Include="BatchPropertyPage5.h">
      <Filter>Header Files</Filter>
    </ClInclude>
    <ClInclude Include="BatchPropertySheet.h">
      <Filter>Header Files</Filter>
    </ClInclude>
    <ClInclude Include="BatchUpdate.h">
      <Filter>Header Files</Filter>
    </ClInclude>
    <ClInclude Include="BirthdaysReportDlg.h">
      <Filter>Header Files</Filter>
    </ClInclude>
    <ClInclude Include="BitmapInfo.h">
      <Filter>Header Files</Filter>
    </ClInclude>
    <ClInclude Include="CalculateBonus.h">
      <Filter>Header Files</Filter>
    </ClInclude>
    <ClInclude Include="CardArchiveDlg.h">
      <Filter>Header Files</Filter>
    </ClInclude>
    <ClInclude Include="CardPicker.h">
      <Filter>Header Files</Filter>
    </ClInclude>
    <ClInclude Include="CardPickerDlg.h">
      <Filter>Header Files</Filter>
    </ClInclude>
    <ClInclude Include="CashlessAuditDlg.h">
      <Filter>Header Files</Filter>
    </ClInclude>
    <ClInclude Include="ColourButton.h">
      <Filter>Header Files</Filter>
    </ClInclude>
    <ClInclude Include="ColourEditDlg.h">
      <Filter>Header Files</Filter>
    </ClInclude>
    <ClInclude Include="ColumnHandler.h">
      <Filter>Header Files</Filter>
    </ClInclude>
    <ClInclude Include="ColumnListDlg.h">
      <Filter>Header Files</Filter>
    </ClInclude>
    <ClInclude Include="ColumnManager.h">
      <Filter>Header Files</Filter>
    </ClInclude>
    <ClInclude Include="ColumnNames.h">
      <Filter>Header Files</Filter>
    </ClInclude>
    <ClInclude Include="CommentDlg.h">
      <Filter>Header Files</Filter>
    </ClInclude>
    <ClInclude Include="CommentHandler.h">
      <Filter>Header Files</Filter>
    </ClInclude>
    <ClInclude Include="DatabaseExport.h">
      <Filter>Header Files</Filter>
    </ClInclude>
    <ClInclude Include="DatabaseImportForManager.h">
      <Filter>Header Files</Filter>
    </ClInclude>
    <ClInclude Include="DatabaseReportsDlg.h">
      <Filter>Header Files</Filter>
    </ClInclude>
    <ClInclude Include="DateRangeDlg.h">
      <Filter>Header Files</Filter>
    </ClInclude>
    <ClInclude Include="DateSelectorRange.h">
      <Filter>Header Files</Filter>
    </ClInclude>
    <ClInclude Include="DateSelectorSingle.h">
      <Filter>Header Files</Filter>
    </ClInclude>
    <ClInclude Include="DbExportEditor.h">
      <Filter>Header Files</Filter>
    </ClInclude>
    <ClInclude Include="DbExportHandler.h">
      <Filter>Header Files</Filter>
    </ClInclude>
    <ClInclude Include="DbReportHandler.h">
      <Filter>Header Files</Filter>
    </ClInclude>
    <ClInclude Include="DefEditDlg.h">
      <Filter>Header Files</Filter>
    </ClInclude>
    <ClInclude Include="DefEditEmailDlg.h">
      <Filter>Header Files</Filter>
    </ClInclude>
    <ClInclude Include="DefTextEmailAddress.h">
      <Filter>Header Files</Filter>
    </ClInclude>
    <ClInclude Include="EditLoyaltyRecord.h">
      <Filter>Header Files</Filter>
    </ClInclude>
    <ClInclude Include="EditAccountPropertySheet.h">
      <Filter>Header Files</Filter>
    </ClInclude>
    <ClInclude Include="EmailOptions.h">
      <Filter>Header Files</Filter>
    </ClInclude>
    <ClInclude Include="ExportPropertyPage1.h">
      <Filter>Header Files</Filter>
    </ClInclude>
    <ClInclude Include="ExportPropertyPage2.h">
      <Filter>Header Files</Filter>
    </ClInclude>
    <ClInclude Include="ExportPropertyPage3.h">
      <Filter>Header Files</Filter>
    </ClInclude>
    <ClInclude Include="ExportPropertyPage4.h">
      <Filter>Header Files</Filter>
    </ClInclude>
    <ClInclude Include="ExportPropertySheet.h">
      <Filter>Header Files</Filter>
    </ClInclude>
    <ClInclude Include="FindDlg.h">
      <Filter>Header Files</Filter>
    </ClInclude>
    <ClInclude Include="FindSingleDlg.h">
      <Filter>Header Files</Filter>
    </ClInclude>
    <ClInclude Include="FontTable.h">
      <Filter>Header Files</Filter>
    </ClInclude>
    <ClInclude Include="GroupNoDlg.h">
      <Filter>Header Files</Filter>
    </ClInclude>
    <ClInclude Include="GroupPropertyPage1.h">
      <Filter>Header Files</Filter>
    </ClInclude>
    <ClInclude Include="GroupPropertyPage2.h">
      <Filter>Header Files</Filter>
    </ClInclude>
    <ClInclude Include="GroupPropertySheet.h">
      <Filter>Header Files</Filter>
    </ClInclude>
    <ClInclude Include="HotlistDlg.h">
      <Filter>Header Files</Filter>
    </ClInclude>
    <ClInclude Include="HotlistTraceDlg.h">
      <Filter>Header Files</Filter>
    </ClInclude>
    <ClInclude Include="ImportDataHandler.h">
      <Filter>Header Files</Filter>
    </ClInclude>
    <ClInclude Include="ImportRecordsDlg.h">
      <Filter>Header Files</Filter>
    </ClInclude>
    <ClInclude Include="ImportStatsDlg.h">
      <Filter>Header Files</Filter>
    </ClInclude>
    <ClInclude Include="ListDataDeleteDlg.h">
      <Filter>Header Files</Filter>
    </ClInclude>
    <ClInclude Include="ListDataDlg.h">
      <Filter>Header Files</Filter>
    </ClInclude>
    <ClInclude Include="ListDataEmailAddressDlg.h">
      <Filter>Header Files</Filter>
    </ClInclude>
    <ClInclude Include="ListDataGroupDlg.h">
      <Filter>Header Files</Filter>
    </ClInclude>
    <ClInclude Include="ListDataPrinterSelectDlg.h">
      <Filter>Header Files</Filter>
    </ClInclude>
    <ClInclude Include="LoyaltyManager.h">
      <Filter>Header Files</Filter>
    </ClInclude>
    <ClInclude Include="LoyaltyManagerDlg.h">
      <Filter>Header Files</Filter>
    </ClInclude>
    <ClInclude Include="MyMessageBoxDlg.h">
      <Filter>Header Files</Filter>
    </ClInclude>
    <ClInclude Include="MyMifare.h">
      <Filter>Header Files</Filter>
    </ClInclude>
    <ClInclude Include="PasswordData.h">
      <Filter>Header Files</Filter>
    </ClInclude>
    <ClInclude Include="PasswordDlg.h">
      <Filter>Header Files</Filter>
    </ClInclude>
    <ClInclude Include="PCOptions.h">
      <Filter>Header Files</Filter>
    </ClInclude>
    <ClInclude Include="PersistentSelectionEdit.h">
      <Filter>Header Files</Filter>
    </ClInclude>
    <ClInclude Include="PhotoIDDlg.h">
      <Filter>Header Files</Filter>
    </ClInclude>
    <ClInclude Include="PhotoIDEditDlg.h">
      <Filter>Header Files</Filter>
    </ClInclude>
    <ClInclude Include="PhotoIDFilenameStack.h">
      <Filter>Header Files</Filter>
    </ClInclude>
    <ClInclude Include="PhotoIDListData.h">
      <Filter>Header Files</Filter>
    </ClInclude>
    <ClInclude Include="PhotoIDListDlg.h">
      <Filter>Header Files</Filter>
    </ClInclude>
    <ClInclude Include="PurchaseReport.h">
      <Filter>Header Files</Filter>
    </ClInclude>
    <ClInclude Include="RecordTransferDlg.h">
      <Filter>Header Files</Filter>
    </ClInclude>
    <ClInclude Include="Recsort.h">
      <Filter>Header Files</Filter>
    </ClInclude>
    <ClInclude Include="RedeemPointsDlg.h">
      <Filter>Header Files</Filter>
    </ClInclude>
    <ClInclude Include="RefreshDaysDlg.h">
      <Filter>Header Files</Filter>
    </ClInclude>
    <ClInclude Include="RefreshWeeklyDlg.h">
      <Filter>Header Files</Filter>
    </ClInclude>
    <ClInclude Include="RefreshYearlyDlg.h">
      <Filter>Header Files</Filter>
    </ClInclude>
    <ClInclude Include="RepmanHandler.h">
      <Filter>Header Files</Filter>
    </ClInclude>
    <ClInclude Include="ReportAccumulator.h">
      <Filter>Header Files</Filter>
    </ClInclude>
    <ClInclude Include="ReportBirthday.h">
      <Filter>Header Files</Filter>
    </ClInclude>
    <ClInclude Include="ReportCashlessLiability.h">
      <Filter>Header Files</Filter>
    </ClInclude>
    <ClInclude Include="ReportCashlessPosting.h">
      <Filter>Header Files</Filter>
    </ClInclude>
    <ClInclude Include="ReportCSVFile.h">
      <Filter>Header Files</Filter>
    </ClInclude>
    <ClInclude Include="ReportDatabase.h">
      <Filter>Header Files</Filter>
    </ClInclude>
    <ClInclude Include="ReportDefaultHandler.h">
      <Filter>Header Files</Filter>
    </ClInclude>
    <ClInclude Include="ReportGroupPeriodSales.h">
      <Filter>Header Files</Filter>
    </ClInclude>
    <ClInclude Include="ReportInfoAccumulator.h">
      <Filter>Header Files</Filter>
    </ClInclude>
    <ClInclude Include="AuditReportConfig.h">
      <Filter>Header Files</Filter>
    </ClInclude>
    <ClInclude Include="ReportInfoBirthday.h">
      <Filter>Header Files</Filter>
    </ClInclude>
    <ClInclude Include="ReportInfoCashless.h">
      <Filter>Header Files</Filter>
    </ClInclude>
    <ClInclude Include="ReportInfoDateRange.h">
      <Filter>Header Files</Filter>
    </ClInclude>
    <ClInclude Include="ReportInfoPurchaseHistory.h">
      <Filter>Header Files</Filter>
    </ClInclude>
    <ClInclude Include="ReportInfoStartingBalance.h">
      <Filter>Header Files</Filter>
    </ClInclude>
    <ClInclude Include="ReportPhotoIDList.h">
      <Filter>Header Files</Filter>
    </ClInclude>
    <ClInclude Include="ReportPluRanking.h">
      <Filter>Header Files</Filter>
    </ClInclude>
    <ClInclude Include="ReportPurchaseHistoryDlg.h">
      <Filter>Header Files</Filter>
    </ClInclude>
    <ClInclude Include="ReportStartingBalance.h">
      <Filter>Header Files</Filter>
    </ClInclude>
    <ClInclude Include="ReportStartingBalanceDlg.h">
      <Filter>Header Files</Filter>
    </ClInclude>
    <ClInclude Include="ReportVisitTotaliser.h">
      <Filter>Header Files</Filter>
    </ClInclude>
    <ClInclude Include="SelectAlertDlg.h">
      <Filter>Header Files</Filter>
    </ClInclude>
    <ClInclude Include="ServerPropertyPage1.h">
      <Filter>Header Files</Filter>
    </ClInclude>
    <ClInclude Include="ServerPropertyPage2.h">
      <Filter>Header Files</Filter>
    </ClInclude>
    <ClInclude Include="ServerPropertyPage3.h">
      <Filter>Header Files</Filter>
    </ClInclude>
    <ClInclude Include="ServerPropertyPage4.h">
      <Filter>Header Files</Filter>
    </ClInclude>
    <ClInclude Include="ServerPropertyPage5.h">
      <Filter>Header Files</Filter>
    </ClInclude>
    <ClInclude Include="ServerPropertyPage6.h">
      <Filter>Header Files</Filter>
    </ClInclude>
    <ClInclude Include="ServerPropertySheet.h">
      <Filter>Header Files</Filter>
    </ClInclude>
    <ClInclude Include="SetupAlertTextsDlg.h">
      <Filter>Header Files</Filter>
    </ClInclude>
    <ClInclude Include="SetupAuditPeriodsDlg.h">
      <Filter>Header Files</Filter>
    </ClInclude>
    <ClInclude Include="SetupEposPathsDlg.h">
      <Filter>Header Files</Filter>
    </ClInclude>
    <ClInclude Include="SetupGroupPeriodsDlg.h">
      <Filter>Header Files</Filter>
    </ClInclude>
    <ClInclude Include="PasswordOptionsDlg.h">
      <Filter>Header Files</Filter>
    </ClInclude>
    <ClInclude Include="SetupPhotoIDDlg.h">
      <Filter>Header Files</Filter>
    </ClInclude>
    <ClInclude Include="SetupReaderDlg.h">
      <Filter>Header Files</Filter>
    </ClInclude>
    <ClInclude Include="SetupUserTextsDlg.h">
      <Filter>Header Files</Filter>
    </ClInclude>
    <ClInclude Include="SimulateReaderDlg.h">
      <Filter>Header Files</Filter>
    </ClInclude>
    <ClInclude Include="SingleListHelpers.h">
      <Filter>Header Files</Filter>
    </ClInclude>
    <ClInclude Include="sslibset.h">
      <Filter>Header Files</Filter>
    </ClInclude>
    <ClInclude Include="StandardCombos.h">
      <Filter>Header Files</Filter>
    </ClInclude>
    <ClInclude Include="SystemPropertyPage1.h">
      <Filter>Header Files</Filter>
    </ClInclude>
    <ClInclude Include="SystemPropertyPage2.h">
      <Filter>Header Files</Filter>
    </ClInclude>
    <ClInclude Include="SystemPropertyPage3.h">
      <Filter>Header Files</Filter>
    </ClInclude>
    <ClInclude Include="SystemPropertyPage4.h">
      <Filter>Header Files</Filter>
    </ClInclude>
    <ClInclude Include="SystemPropertyPage5.h">
      <Filter>Header Files</Filter>
    </ClInclude>
    <ClInclude Include="SystemPropertyPage6.h">
      <Filter>Header Files</Filter>
    </ClInclude>
    <ClInclude Include="SystemPropertySheet.h">
      <Filter>Header Files</Filter>
    </ClInclude>
    <ClInclude Include="TerminalData.h">
      <Filter>Header Files</Filter>
    </ClInclude>
    <ClInclude Include="TLogDatabase.h">
      <Filter>Header Files</Filter>
    </ClInclude>
    <ClInclude Include="TLogFile.h">
      <Filter>Header Files</Filter>
    </ClInclude>
    <ClInclude Include="TLogRecord.h">
      <Filter>Header Files</Filter>
    </ClInclude>
    <ClInclude Include="TooManyUsersDlg.h">
      <Filter>Header Files</Filter>
    </ClInclude>
    <ClInclude Include="UpgradeDlg.h">
      <Filter>Header Files</Filter>
    </ClInclude>
    <ClInclude Include="UpgradeHandler.h">
      <Filter>Header Files</Filter>
    </ClInclude>
    <ClInclude Include="WMNumbers.h">
      <Filter>Header Files</Filter>
    </ClInclude>
    <ClInclude Include="..\SPosLoyalty4Shared\ServiceOptions.h">
      <Filter>Header Files</Filter>
    </ClInclude>
    <ClInclude Include="ServiceInstallDlg.h">
      <Filter>Header Files</Filter>
    </ClInclude>
    <ClInclude Include="ServiceLogonDlg.h">
      <Filter>Header Files</Filter>
    </ClInclude>
    <ClInclude Include="..\SPosLoyalty4Shared\TrackedFile.h">
      <Filter>Header Files</Filter>
    </ClInclude>
    <ClInclude Include="WinService.h">
      <Filter>Header Files</Filter>
    </ClInclude>
    <ClInclude Include="PasswordListDlg.h">
      <Filter>Header Files</Filter>
    </ClInclude>
    <ClInclude Include="SelectMultipleEntityDlg.h">
      <Filter>Header Files</Filter>
    </ClInclude>
    <ClInclude Include="SelectMultiplePasswordDlg.h">
      <Filter>Header Files</Filter>
    </ClInclude>
    <ClInclude Include="SelectMultipleEntityInfo.h">
      <Filter>Header Files</Filter>
    </ClInclude>
    <ClInclude Include="PasswordLogDlg.h">
      <Filter>Header Files</Filter>
    </ClInclude>
    <ClInclude Include="PasswordLogger.h">
      <Filter>Header Files</Filter>
    </ClInclude>
    <ClInclude Include="PasswordLogReport.h">
      <Filter>Header Files</Filter>
    </ClInclude>
    <ClInclude Include="AuditReportWrapper.h">
      <Filter>Header Files</Filter>
    </ClInclude>
    <ClInclude Include="DemoWarning.h">
      <Filter>Header Files</Filter>
    </ClInclude>
    <ClInclude Include="BatchUpdateHelpers.h">
      <Filter>Header Files</Filter>
    </ClInclude>
    <ClInclude Include="EditAccountPropertyPage1.h">
      <Filter>Header Files</Filter>
    </ClInclude>
    <ClInclude Include="EditAccountPropertyPage2.h">
      <Filter>Header Files</Filter>
    </ClInclude>
    <ClInclude Include="EditAccountPropertyPage4.h">
      <Filter>Header Files</Filter>
    </ClInclude>
    <ClInclude Include="..\SPosLoyalty4Shared\AESHelpers.h">
      <Filter>Header Files</Filter>
    </ClInclude>
    <ClInclude Include="EditAccountBuffer.h">
      <Filter>Header Files</Filter>
    </ClInclude>
    <ClInclude Include="..\SPosLoyalty4Shared\AccountFieldValidator.h">
      <Filter>Header Files</Filter>
    </ClInclude>
    <ClInclude Include="ReportGroupPeriodSalesDlg.h">
      <Filter>Header Files</Filter>
    </ClInclude>
    <ClInclude Include="ReportInfoPeriodSales.h">
      <Filter>Header Files</Filter>
    </ClInclude>
    <ClInclude Include="ReportInfoDateRangeBase.h">
      <Filter>Header Files</Filter>
    </ClInclude>
    <ClInclude Include="AlertText.h">
      <Filter>Header Files</Filter>
    </ClInclude>
    <ClInclude Include="GroupComboHelpers.h">
      <Filter>Header Files</Filter>
    </ClInclude>
    <ClInclude Include="..\SPosLoyalty4Shared\SQLBuilderBind.h">
      <Filter>Header Files</Filter>
    </ClInclude>
    <ClInclude Include="..\SPosLoyalty4Shared\SQLDb.h">
      <Filter>Header Files</Filter>
    </ClInclude>
    <ClInclude Include="..\SPosLoyalty4Shared\SQLDefines.h">
      <Filter>Header Files</Filter>
    </ClInclude>
    <ClInclude Include="..\SPosLoyalty4Shared\SQLFieldValidatorBase.h">
      <Filter>Header Files</Filter>
    </ClInclude>
    <ClInclude Include="..\SPosLoyalty4Shared\SQLHelpers.h">
      <Filter>Header Files</Filter>
    </ClInclude>
    <ClInclude Include="SQLRowSetAccountList.h">
      <Filter>Header Files</Filter>
    </ClInclude>
    <ClInclude Include="SQLRecordSetAccountList.h">
      <Filter>Header Files</Filter>
    </ClInclude>
    <ClInclude Include="SQLRowSetAccountFind.h">
      <Filter>Header Files</Filter>
    </ClInclude>
    <ClInclude Include="WorkingDlg.h">
      <Filter>Header Files</Filter>
    </ClInclude>
    <ClInclude Include="..\SPosLoyalty4Shared\LoyaltyHeaderHelpers.h">
      <Filter>Header Files</Filter>
    </ClInclude>
    <ClInclude Include="..\SPosLoyalty4Shared\Defines.h">
      <Filter>Header Files</Filter>
    </ClInclude>
    <ClInclude Include="..\SPosLoyalty4Shared\GroupHeaderHelpers.h">
      <Filter>Header Files</Filter>
    </ClInclude>
    <ClInclude Include="GroupImportForManager.h">
      <Filter>Header Files</Filter>
    </ClInclude>
    <ClInclude Include="HeaderWarnDlg.h">
      <Filter>Header Files</Filter>
    </ClInclude>
    <ClInclude Include="ListDataHeaderChangeDlg.h">
      <Filter>Header Files</Filter>
    </ClInclude>
    <ClInclude Include="..\SPosLoyalty4Shared\SQLConnectionPool.h">
      <Filter>Header Files</Filter>
    </ClInclude>
    <ClInclude Include="..\SPosLoyalty4Shared\SQLRecordSetConnectionPool.h">
      <Filter>Header Files</Filter>
    </ClInclude>
    <ClInclude Include="..\SPosLoyalty4Shared\SQLTranBase.h">
      <Filter>Header Files</Filter>
    </ClInclude>
    <ClInclude Include="SQLTranSaveAccount.h">
      <Filter>Header Files</Filter>
    </ClInclude>
    <ClInclude Include="SQLTranSaveGroup.h">
      <Filter>Header Files</Filter>
    </ClInclude>
    <ClInclude Include="SQLTranDeleteAccount.h">
      <Filter>Header Files</Filter>
    </ClInclude>
    <ClInclude Include="..\SPosLoyalty4Shared\SQLResultInfo.h">
      <Filter>Header Files</Filter>
    </ClInclude>
    <ClInclude Include="SQLTranXFerAccount.h">
      <Filter>Header Files</Filter>
    </ClInclude>
    <ClInclude Include="SQLTranUnhotlistAccount.h">
      <Filter>Header Files</Filter>
    </ClInclude>
    <ClInclude Include="..\SPosLoyalty4Shared\SQLTranImportDatabase.h">
      <Filter>Header Files</Filter>
    </ClInclude>
    <ClInclude Include="..\SPosLoyalty4Shared\LoyaltyAuditAppend.h">
      <Filter>Header Files</Filter>
    </ClInclude>
    <ClInclude Include="SQLTranBatchUpdate.h">
      <Filter>Header Files</Filter>
    </ClInclude>
    <ClInclude Include="BatchAccountDetailMemory.h">
      <Filter>Header Files</Filter>
    </ClInclude>
    <ClInclude Include="BatchAccountBalanceMemory.h">
      <Filter>Header Files</Filter>
    </ClInclude>
    <ClInclude Include="SQLTranBatchAdd.h">
      <Filter>Header Files</Filter>
    </ClInclude>
    <ClInclude Include="SQLOut.h">
      <Filter>Header Files</Filter>
    </ClInclude>
    <ClInclude Include="SQLScriptExport.h">
      <Filter>Header Files</Filter>
    </ClInclude>
    <ClInclude Include="SQLTranScriptImport.h">
      <Filter>Header Files</Filter>
    </ClInclude>
    <ClInclude Include="SQLIn.h">
      <Filter>Header Files</Filter>
    </ClInclude>
    <ClInclude Include="AutoBackupOptions.h">
      <Filter>Header Files</Filter>
    </ClInclude>
    <ClInclude Include="SystemPropertyPage7.h">
      <Filter>Header Files</Filter>
    </ClInclude>
    <ClInclude Include="AutoBackupProcessor.h">
      <Filter>Header Files</Filter>
    </ClInclude>
    <ClInclude Include="BackupErrors.h">
      <Filter>Header Files</Filter>
    </ClInclude>
    <ClInclude Include="BackupResultDlg.h">
      <Filter>Header Files</Filter>
    </ClInclude>
    <ClInclude Include="SystemBackup.h">
      <Filter>Header Files</Filter>
    </ClInclude>
    <ClInclude Include="BackupFilter.h">
      <Filter>Header Files</Filter>
    </ClInclude>
    <ClInclude Include="BackupProgressDlg.h">
      <Filter>Header Files</Filter>
    </ClInclude>
    <ClInclude Include="FileRemoverBackup.h">
      <Filter>Header Files</Filter>
    </ClInclude>
    <ClInclude Include="ListDataRestoreDlg.h">
      <Filter>Header Files</Filter>
    </ClInclude>
    <ClInclude Include="BackupPromptDlg.h">
      <Filter>Header Files</Filter>
    </ClInclude>
    <ClInclude Include="TimerNumbers.h">
      <Filter>Header Files</Filter>
    </ClInclude>
    <ClInclude Include="BackupTypeDlg.h">
      <Filter>Header Files</Filter>
    </ClInclude>
    <ClInclude Include="BackupInfoDlg.h">
      <Filter>Header Files</Filter>
    </ClInclude>
    <ClInclude Include="PropPageBackupSchedule.h">
      <Filter>Header Files</Filter>
    </ClInclude>
    <ClInclude Include="PropPageBackupMode.h">
      <Filter>Header Files</Filter>
    </ClInclude>
    <ClInclude Include="PropertySheetBackup.h">
      <Filter>Header Files</Filter>
    </ClInclude>
    <ClInclude Include="ServerPropertyPage7.h">
      <Filter>Header Files</Filter>
    </ClInclude>
    <ClInclude Include="..\SPosLoyalty4Shared\SQLWhereBuilder.h">
      <Filter>Header Files</Filter>
    </ClInclude>
    <ClInclude Include="..\SPosLoyalty4Shared\LoyaltyCommandLineInfo.h">
      <Filter>Header Files</Filter>
    </ClInclude>
    <ClInclude Include="..\SPosLoyalty4Shared\MessageLogger.h">
      <Filter>Header Files</Filter>
    </ClInclude>
    <ClInclude Include="..\SPosLoyalty4Shared\FileRecycler.h">
      <Filter>Header Files</Filter>
    </ClInclude>
    <ClInclude Include="LockManager.h">
      <Filter>Header Files</Filter>
    </ClInclude>
    <ClInclude Include="WaitLockDlg.h">
      <Filter>Header Files</Filter>
    </ClInclude>
    <ClInclude Include="DbExportHelpers.h">
      <Filter>Header Files</Filter>
    </ClInclude>
    <ClInclude Include="ListDataStaffCardDlg.h">
      <Filter>Header Files</Filter>
    </ClInclude>
    <ClInclude Include="SQLRowSetStaffCard.h">
      <Filter>Header Files</Filter>
    </ClInclude>
    <ClInclude Include="SQLTranSaveStaffCard.h">
      <Filter>Header Files</Filter>
    </ClInclude>
    <ClInclude Include="..\SPosLoyalty4Shared\RepmanDefines.h">
      <Filter>Header Files</Filter>
    </ClInclude>
    <ClInclude Include="..\SPosLoyalty4Shared\LoyaltyAuditFile.h">
      <Filter>Header Files</Filter>
    </ClInclude>
    <ClInclude Include="EditStaffCardDlg.h">
      <Filter>Header Files</Filter>
    </ClInclude>
    <ClInclude Include="SQLRowSetStaffGiftException.h">
      <Filter>Header Files</Filter>
    </ClInclude>
    <ClInclude Include="ListDataStaffGiftExceptionDlg.h">
      <Filter>Header Files</Filter>
    </ClInclude>
    <ClInclude Include="SQLTranRefundStaffGift.h">
      <Filter>Header Files</Filter>
    </ClInclude>
    <ClInclude Include="SQLTranRetryStaffGift.h">
      <Filter>Header Files</Filter>
    </ClInclude>
    <ClInclude Include="..\SPosLoyalty4Shared\SQLConnectionOptions.h">
      <Filter>Header Files</Filter>
    </ClInclude>
    <ClInclude Include="..\SPosLoyalty4Shared\SQLTable_CCNo\SQLFieldValidatorCCNo.h">
      <Filter>Header Files</Filter>
    </ClInclude>
    <ClInclude Include="..\SPosLoyalty4Shared\SQLTable_CCNo\SQLRowCCNo.h">
      <Filter>Header Files</Filter>
    </ClInclude>
    <ClInclude Include="..\SPosLoyalty4Shared\SQLTable_CCNo\SQLRecordSetCCNo.h">
      <Filter>Header Files</Filter>
    </ClInclude>
    <ClInclude Include="..\SPosLoyalty4Shared\SQLTable_CCNo\SQLRepositoryCCNo.h">
      <Filter>Header Files</Filter>
    </ClInclude>
    <ClInclude Include="..\SPosLoyalty4Shared\SQLTable_AuditPeriod\SQLFieldValidatorAuditPeriod.h">
      <Filter>Header Files</Filter>
    </ClInclude>
    <ClInclude Include="..\SPosLoyalty4Shared\SQLTable_AuditPeriod\SQLRepositoryAuditPeriod.h">
      <Filter>Header Files</Filter>
    </ClInclude>
    <ClInclude Include="..\SPosLoyalty4Shared\SQLTable_AuditPeriod\SQLRecordSetAuditPeriod.h">
      <Filter>Header Files</Filter>
    </ClInclude>
    <ClInclude Include="..\SPosLoyalty4Shared\SQLTable_AuditPeriod\SQLRowAuditPeriod.h">
      <Filter>Header Files</Filter>
    </ClInclude>
    <ClInclude Include="..\SPosLoyalty4Shared\SQLTable_AuditPeriod\SQLRowSetAuditPeriod.h">
      <Filter>Header Files</Filter>
    </ClInclude>
    <ClInclude Include="..\SPosLoyalty4Shared\SQLTable_Group\SQLFieldValidatorGroup.h">
      <Filter>Header Files</Filter>
    </ClInclude>
    <ClInclude Include="..\SPosLoyalty4Shared\SQLTable_Group\SQLRepositoryGroup.h">
      <Filter>Header Files</Filter>
    </ClInclude>
    <ClInclude Include="..\SPosLoyalty4Shared\SQLTable_PluInfo\SQLFieldValidatorPluInfo.h">
      <Filter>Header Files</Filter>
    </ClInclude>
    <ClInclude Include="..\SPosLoyalty4Shared\SQLTable_PluInfo\SQLRepositoryPluInfo.h">
      <Filter>Header Files</Filter>
    </ClInclude>
    <ClInclude Include="..\SPosLoyalty4Shared\SQLTable_PluInfo\SQLRecordSetPluInfo.h">
      <Filter>Header Files</Filter>
    </ClInclude>
    <ClInclude Include="..\SPosLoyalty4Shared\SQLTable_PluInfo\SQLRowPluInfo.h">
      <Filter>Header Files</Filter>
    </ClInclude>
    <ClInclude Include="..\SPosLoyalty4Shared\SQLTable_ExternalAccount\SQLFieldValidatorExternalAccount.h">
      <Filter>Header Files</Filter>
    </ClInclude>
    <ClInclude Include="..\SPosLoyalty4Shared\SQLTable_ExternalAccount\SQLRepositoryExternalAccount.h">
      <Filter>Header Files</Filter>
    </ClInclude>
    <ClInclude Include="..\SPosLoyalty4Shared\SQLTable_ExternalAccount\SQLRecordSetExternalAccount.h">
      <Filter>Header Files</Filter>
    </ClInclude>
    <ClInclude Include="..\SPosLoyalty4Shared\SQLTable_ExternalAccount\SQLRowExternalAccount.h">
      <Filter>Header Files</Filter>
    </ClInclude>
    <ClInclude Include="..\SPosLoyalty4Shared\SQLTable_StaffCard\SQLFieldValidatorStaffCard.h">
      <Filter>Header Files</Filter>
    </ClInclude>
    <ClInclude Include="..\SPosLoyalty4Shared\SQLTable_StaffCard\SQLRepositoryStaffCard.h">
      <Filter>Header Files</Filter>
    </ClInclude>
    <ClInclude Include="..\SPosLoyalty4Shared\SQLTable_StaffCard\SQLRecordSetStaffCard.h">
      <Filter>Header Files</Filter>
    </ClInclude>
    <ClInclude Include="..\SPosLoyalty4Shared\SQLTable_StaffCard\SQLRowStaffCard.h">
      <Filter>Header Files</Filter>
    </ClInclude>
    <ClInclude Include="..\SPosLoyalty4Shared\SQLTable_StaffGiftException\SQLFieldValidatorStaffGiftException.h">
      <Filter>Header Files</Filter>
    </ClInclude>
    <ClInclude Include="..\SPosLoyalty4Shared\SQLTable_StaffGiftException\SQLRepositoryStaffGiftException.h">
      <Filter>Header Files</Filter>
    </ClInclude>
    <ClInclude Include="..\SPosLoyalty4Shared\SQLTable_StaffGiftException\SQLRecordSetStaffGiftException.h">
      <Filter>Header Files</Filter>
    </ClInclude>
    <ClInclude Include="..\SPosLoyalty4Shared\SQLTable_StaffGiftException\SQLRowStaffGiftException.h">
      <Filter>Header Files</Filter>
    </ClInclude>
    <ClInclude Include="..\SPosLoyalty4Shared\SQLTable_DbVersion\SQLFieldValidatorDbVersion.h">
      <Filter>Header Files</Filter>
    </ClInclude>
    <ClInclude Include="..\SPosLoyalty4Shared\SQLTable_DbVersion\SQLRecordSetDbVersion.h">
      <Filter>Header Files</Filter>
    </ClInclude>
    <ClInclude Include="..\SPosLoyalty4Shared\SQLTable_DbVersion\SQLRowDbVersion.h">
      <Filter>Header Files</Filter>
    </ClInclude>
    <ClInclude Include="..\SPosLoyalty4Shared\SQLTable_Account\SQLFieldValidatorAccount.h">
      <Filter>Header Files</Filter>
    </ClInclude>
    <ClInclude Include="..\SPosLoyalty4Shared\SQLTable_Account\SQLRepositoryAccount.h">
      <Filter>Header Files</Filter>
    </ClInclude>
    <ClInclude Include="..\SPosLoyalty4Shared\SQLTable_Account\SQLRecordSetAccountFull.h">
      <Filter>Header Files</Filter>
    </ClInclude>
    <ClInclude Include="..\SPosLoyalty4Shared\SQLTable_Account\SQLRecordSetAccountUserID.h">
      <Filter>Header Files</Filter>
    </ClInclude>
    <ClInclude Include="..\SPosLoyalty4Shared\SQLTable_Account\SQLRowAccountFind.h">
      <Filter>Header Files</Filter>
    </ClInclude>
    <ClInclude Include="..\SPosLoyalty4Shared\SQLTable_Account\SQLRowAccountFull.h">
      <Filter>Header Files</Filter>
    </ClInclude>
    <ClInclude Include="..\SPosLoyalty4Shared\SQLTable_Account\SQLRowAccountList.h">
      <Filter>Header Files</Filter>
    </ClInclude>
    <ClInclude Include="SQLTweakDlg.h">
      <Filter>Header Files</Filter>
    </ClInclude>
    <ClInclude Include="..\SPosLoyalty4Shared\SQLTable_OfferStamp\SQLFieldValidatorOfferStamp.h">
      <Filter>Header Files</Filter>
    </ClInclude>
    <ClInclude Include="..\SPosLoyalty4Shared\SQLTable_OfferStamp\SQLRepositoryOfferStamp.h">
      <Filter>Header Files</Filter>
    </ClInclude>
    <ClInclude Include="..\SPosLoyalty4Shared\SQLTable_OfferStamp\SQLRecordSetOfferStamp.h">
      <Filter>Header Files</Filter>
    </ClInclude>
    <ClInclude Include="..\SPosLoyalty4Shared\SQLTable_OfferStamp\SQLRowOfferStamp.h">
      <Filter>Header Files</Filter>
    </ClInclude>
    <ClInclude Include="..\SPosLoyalty4Shared\SQLTable_StampOfferInfo\SQLFieldValidatorStampOfferInfo.h">
      <Filter>Header Files</Filter>
    </ClInclude>
    <ClInclude Include="..\SPosLoyalty4Shared\SQLTable_StampOfferInfo\SQLRepositoryStampOfferInfo.h">
      <Filter>Header Files</Filter>
    </ClInclude>
    <ClInclude Include="..\SPosLoyalty4Shared\SQLTable_StampOfferInfo\SQLRowStampOfferInfo.h">
      <Filter>Header Files</Filter>
    </ClInclude>
    <ClInclude Include="..\SPosLoyalty4Shared\SQLTable_StampOfferInfo\SQLRecordSetStampOfferInfo.h">
      <Filter>Header Files</Filter>
    </ClInclude>
    <ClInclude Include="SQLRowSetStampOfferInfo.h">
      <Filter>Header Files</Filter>
    </ClInclude>
    <ClInclude Include="ListDataStampOfferInfoDlg.h">
      <Filter>Header Files</Filter>
    </ClInclude>
    <ClInclude Include="ListDataStampOfferPluDlg.h">
      <Filter>Header Files</Filter>
    </ClInclude>
    <ClInclude Include="EditAccountPropertyPage5.h">
      <Filter>Header Files</Filter>
    </ClInclude>
    <ClInclude Include="StampOfferReportDlg.h">
      <Filter>Header Files</Filter>
    </ClInclude>
    <ClInclude Include="StampOfferReportConfig.h">
      <Filter>Header Files</Filter>
    </ClInclude>
    <ClInclude Include="StampOfferReportWrapper.h">
      <Filter>Header Files</Filter>
    </ClInclude>
    <ClInclude Include="StampOfferReport.h">
      <Filter>Header Files</Filter>
    </ClInclude>
    <ClInclude Include="..\SPosLoyalty4Shared\AuditReportTexts.h">
      <Filter>Header Files</Filter>
    </ClInclude>
    <ClInclude Include="..\SPosLoyalty4Shared\SQLStampOfferBuffer.h">
      <Filter>Header Files</Filter>
    </ClInclude>
    <ClInclude Include="..\SPosLoyalty4Shared\SQLStampOfferCache.h">
      <Filter>Header Files</Filter>
    </ClInclude>
    <ClInclude Include="EditStampsDlg.h">
      <Filter>Header Files</Filter>
    </ClInclude>
    <ClInclude Include="SQLTranStampManualAdd.h">
      <Filter>Header Files</Filter>
    </ClInclude>
    <ClInclude Include="SQLTranStampManualEdit.h">
      <Filter>Header Files</Filter>
    </ClInclude>
    <ClInclude Include="..\SPosLoyalty4Shared\DateRangeHelpers.h">
      <Filter>Header Files</Filter>
    </ClInclude>
    <ClInclude Include="..\SPosLoyalty4Shared\ExpiryDateRange.h">
      <Filter>Header Files</Filter>
    </ClInclude>
    <ClInclude Include="StampOfferModifyDlg.h">
      <Filter>Header Files</Filter>
    </ClInclude>
    <ClInclude Include="StampOfferDeleteDlg.h">
      <Filter>Header Files</Filter>
    </ClInclude>
    <ClInclude Include="..\SPosLoyalty4Shared\SQLTable_DeptInfo\SQLFieldValidatorDeptInfo.h">
      <Filter>Header Files</Filter>
    </ClInclude>
    <ClInclude Include="..\SPosLoyalty4Shared\SQLTable_DeptInfo\SQLRepositoryDeptInfo.h">
      <Filter>Header Files</Filter>
    </ClInclude>
    <ClInclude Include="..\SPosLoyalty4Shared\SQLTable_DeptInfo\SQLRecordSetDeptInfo.h">
      <Filter>Header Files</Filter>
    </ClInclude>
    <ClInclude Include="..\SPosLoyalty4Shared\SQLTable_DeptInfo\SQLRowDeptInfo.h">
      <Filter>Header Files</Filter>
    </ClInclude>
    <ClInclude Include="ServerPropertyPage8.h">
      <Filter>Header Files</Filter>
    </ClInclude>
    <ClInclude Include="GroupPropertyPage4.h">
      <Filter>Header Files</Filter>
    </ClInclude>
    <ClInclude Include="SMTPEmailHelpers.h">
      <Filter>Header Files</Filter>
    </ClInclude>
    <ClInclude Include="SMTPErrorDlg.h">
      <Filter>Header Files</Filter>
    </ClInclude>
    <ClInclude Include="SMTPResultsDlg.h">
      <Filter>Header Files</Filter>
    </ClInclude>
    <ClInclude Include="ListDataDatabaseTestDlg.h">
      <Filter>Header Files</Filter>
    </ClInclude>
    <ClInclude Include="..\SPosLoyalty4Shared\DiagnosticTimer.h">
      <Filter>Header Files</Filter>
    </ClInclude>
    <ClInclude Include="..\SPosLoyalty4Shared\SQLTable_EcrmanDatabase\SQLFieldValidatorEcrmanDatabase.h">
      <Filter>Header Files</Filter>
    </ClInclude>
    <ClInclude Include="..\SPosLoyalty4Shared\SQLTable_EcrmanDatabase\SQLRecordSetEcrmanDatabase.h">
      <Filter>Header Files</Filter>
    </ClInclude>
    <ClInclude Include="..\SPosLoyalty4Shared\SQLTable_EcrmanDatabase\SQLRowEcrmanDatabase.h">
      <Filter>Header Files</Filter>
    </ClInclude>
    <ClInclude Include="..\SPosLoyalty4Shared\SQLNamespaces.h">
      <Filter>Header Files</Filter>
    </ClInclude>
    <ClInclude Include="SQLSchema\SQLBuilderCreateTable.h">
      <Filter>Header Files</Filter>
    </ClInclude>
    <ClInclude Include="SQLSchema\SQLBuildSchema.h">
      <Filter>Header Files</Filter>
    </ClInclude>
    <ClInclude Include="SQLSchema\SQLTranBuildSchema.h">
      <Filter>Header Files</Filter>
    </ClInclude>
    <ClInclude Include="SQLSchema\SQLTranMigrateSchema.h">
      <Filter>Header Files</Filter>
    </ClInclude>
    <ClInclude Include="CalculateSpendBonus.h">
      <Filter>Header Files</Filter>
    </ClInclude>
    <ClInclude Include="ReportDailyDifference.h">
      <Filter>Header Files</Filter>
    </ClInclude>
    <ClInclude Include="CashlessTotal.h">
      <Filter>Header Files</Filter>
    </ClInclude>
    <ClInclude Include="TerminalListHandler.h">
      <Filter>Header Files</Filter>
    </ClInclude>
    <ClInclude Include="ReportLocationControls.h">
      <Filter>Header Files</Filter>
    </ClInclude>
    <ClInclude Include="..\SPosLoyalty4Shared\SQLTable_GroupTopupBonus\SQLFieldValidatorGroupTopupBonus.h">
      <Filter>Header Files</Filter>
    </ClInclude>
    <ClInclude Include="..\SPosLoyalty4Shared\SQLTable_GroupTopupBonus\SQLRepositoryGroupTopupBonus.h">
      <Filter>Header Files</Filter>
    </ClInclude>
    <ClInclude Include="..\SPosLoyalty4Shared\SQLTable_GroupTopupBonus\SQLRowGroupTopupBonus.h">
      <Filter>Header Files</Filter>
    </ClInclude>
    <ClInclude Include="..\SPosLoyalty4Shared\SQLTable_GroupTopupBonus\SQLRecordSetGroupTopupBonus.h">
      <Filter>Header Files</Filter>
    </ClInclude>
    <ClInclude Include="..\SPosLoyalty4Shared\SQLTable_Group\SQLRowGroupLegacy.h">
      <Filter>Header Files</Filter>
    </ClInclude>
    <ClInclude Include="..\SPosLoyalty4Shared\SQLTable_Group\SQLRecordSetGroupLegacy.h">
      <Filter>Header Files</Filter>
    </ClInclude>
    <ClInclude Include="..\SPosLoyalty4Shared\SQLTable_Group\SQLRecordSetGroup.h">
      <Filter>Header Files</Filter>
    </ClInclude>
    <ClInclude Include="..\SPosLoyalty4Shared\SQLTable_Group\SQLRowGroup.h">
      <Filter>Header Files</Filter>
    </ClInclude>
    <ClInclude Include="SQLRowSetGroup.h">
      <Filter>Header Files</Filter>
    </ClInclude>
    <ClInclude Include="SQLRowSetGroupTopupBonus.h">
      <Filter>Header Files</Filter>
    </ClInclude>
    <ClInclude Include="..\SPosLoyalty4Shared\SQLTable_Scheme\SQLFieldValidatorScheme.h">
      <Filter>Header Files</Filter>
    </ClInclude>
    <ClInclude Include="..\SPosLoyalty4Shared\SQLTable_Scheme\SQLRepositoryScheme.h">
      <Filter>Header Files</Filter>
    </ClInclude>
    <ClInclude Include="..\SPosLoyalty4Shared\SQLTable_Scheme\SQLRecordSetScheme.h">
      <Filter>Header Files</Filter>
    </ClInclude>
    <ClInclude Include="..\SPosLoyalty4Shared\SQLTable_Scheme\SQLRowScheme.h">
      <Filter>Header Files</Filter>
    </ClInclude>
    <ClInclude Include="ListDataSchemeNamesDlg.h">
      <Filter>Header Files</Filter>
    </ClInclude>
    <ClInclude Include="..\SPosLoyalty4Shared\UserTexts.h">
      <Filter>Header Files</Filter>
    </ClInclude>
    <ClInclude Include="ServerPropertyPage9.h">
      <Filter>Header Files</Filter>
    </ClInclude>
    <ClInclude Include="AuditReportActionDlg.h">
      <Filter>Header Files</Filter>
    </ClInclude>
    <ClInclude Include="..\SPosLoyalty4Shared\LoyaltyLockManager.h">
      <Filter>Header Files</Filter>
    </ClInclude>
    <ClInclude Include="Prompter.h">
      <Filter>Header Files</Filter>
    </ClInclude>
    <ClInclude Include="..\SPosLoyalty4Shared\ReportConsolidationMap.h">
      <Filter>Header Files</Filter>
    </ClInclude>
    <ClInclude Include="..\SPosLoyalty4Shared\ConsolidationMap.h">
      <Filter>Header Files</Filter>
    </ClInclude>
    <ClInclude Include="..\SPosLoyalty4Shared\SQLRecordSetMetadata.h">
      <Filter>Header Files</Filter>
    </ClInclude>
    <ClInclude Include="..\SPosLoyalty4Shared\SQLTable_EcrmanDatabase\SQLRepositoryEcrmanDatabase.h">
      <Filter>Header Files</Filter>
    </ClInclude>
    <ClInclude Include="..\SPosLoyalty4Shared\GlobalState.h">
      <Filter>Header Files</Filter>
    </ClInclude>
    <ClInclude Include="AuditFix.h">
      <Filter>Header Files</Filter>
    </ClInclude>
    <ClInclude Include="ProjectSQLRecordSetAccountFull.h">
      <Filter>Header Files</Filter>
    </ClInclude>
    <ClInclude Include="ProjectSQLRecordSetDbVersion.h">
      <Filter>Header Files</Filter>
    </ClInclude>
    <ClInclude Include="ProjectSQLRecordSetGroup.h">
      <Filter>Header Files</Filter>
    </ClInclude>
    <ClInclude Include="ProjectSQLRecordSetGroupTopupBonus.h">
      <Filter>Header Files</Filter>
    </ClInclude>
    <ClInclude Include="ProjectSQLRecordSetExternalAccount.h">
      <Filter>Header Files</Filter>
    </ClInclude>
    <ClInclude Include="ProjectSQLRecordSetPluInfo.h">
      <Filter>Header Files</Filter>
    </ClInclude>
    <ClInclude Include="ProjectSQLRecordSetDeptInfo.h">
      <Filter>Header Files</Filter>
    </ClInclude>
    <ClInclude Include="ProjectSQLRecordSetStaffCard.h">
      <Filter>Header Files</Filter>
    </ClInclude>
    <ClInclude Include="ProjectSQLRecordSetStaffGiftException.h">
      <Filter>Header Files</Filter>
    </ClInclude>
    <ClInclude Include="ProjectSQLRecordSetCCNo.h">
      <Filter>Header Files</Filter>
    </ClInclude>
    <ClInclude Include="ProjectSQLRecordSetAuditPeriod.h">
      <Filter>Header Files</Filter>
    </ClInclude>
    <ClInclude Include="ProjectSQLRecordSetOfferStamp.h">
      <Filter>Header Files</Filter>
    </ClInclude>
    <ClInclude Include="ProjectSQLRecordSetStampOfferInfo.h">
      <Filter>Header Files</Filter>
    </ClInclude>
    <ClInclude Include="ProjectSQLRecordSetEcrmanDatabase.h">
      <Filter>Header Files</Filter>
    </ClInclude>
    <ClInclude Include="ProjectSQLRecordSetScheme.h">
      <Filter>Header Files</Filter>
    </ClInclude>
    <ClInclude Include="ProjectSQLRepositoryAccount.h">
      <Filter>Header Files</Filter>
    </ClInclude>
    <ClInclude Include="ProjectSQLRepositoryGroupTopupBonus.h">
      <Filter>Header Files</Filter>
    </ClInclude>
    <ClInclude Include="ProjectSQLRepositoryGroup.h">
      <Filter>Header Files</Filter>
    </ClInclude>
    <ClInclude Include="ProjectSQLRepositoryExternalAccount.h">
      <Filter>Header Files</Filter>
    </ClInclude>
    <ClInclude Include="ProjectSQLRepositoryPluInfo.h">
      <Filter>Header Files</Filter>
    </ClInclude>
    <ClInclude Include="ProjectSQLRepositoryDeptInfo.h">
      <Filter>Header Files</Filter>
    </ClInclude>
    <ClInclude Include="ProjectSQLRepositoryStaffCard.h">
      <Filter>Header Files</Filter>
    </ClInclude>
    <ClInclude Include="ProjectSQLRepositoryStaffGiftException.h">
      <Filter>Header Files</Filter>
    </ClInclude>
    <ClInclude Include="ProjectSQLRepositoryOfferStamp.h">
      <Filter>Header Files</Filter>
    </ClInclude>
    <ClInclude Include="ProjectSQLRepositoryStampOfferInfo.h">
      <Filter>Header Files</Filter>
    </ClInclude>
    <ClInclude Include="ProjectSQLRepositoryEcrmanDatabase.h">
      <Filter>Header Files</Filter>
    </ClInclude>
    <ClInclude Include="ProjectSQLRepositoryScheme.h">
      <Filter>Header Files</Filter>
    </ClInclude>
    <ClInclude Include="ProjectSQLRepositoryCCNo.h">
      <Filter>Header Files</Filter>
    </ClInclude>
    <ClInclude Include="ProjectSQLRepositoryAuditPeriod.h">
      <Filter>Header Files</Filter>
    </ClInclude>
  </ItemGroup>
  <ItemGroup>
    <ClCompile Include="pch.cpp">
      <Filter>Source Files</Filter>
    </ClCompile>
    <ClCompile Include="..\SPosLoyalty4Shared\AccountIdentifier.cpp">
      <Filter>Source Files</Filter>
    </ClCompile>
    <ClCompile Include="..\SPosLoyalty4Shared\AlertText_base.cpp">
      <Filter>Source Files</Filter>
    </ClCompile>
    <ClCompile Include="..\SPosLoyalty4Shared\AuditRecord_base.cpp">
      <Filter>Source Files</Filter>
    </ClCompile>
    <ClCompile Include="..\SPosLoyalty4Shared\Consolidation.cpp">
      <Filter>Source Files</Filter>
    </ClCompile>
    <ClCompile Include="..\SPosLoyalty4Shared\EnhancedIniFile.cpp">
      <Filter>Source Files</Filter>
    </ClCompile>
    <ClCompile Include="..\SPosLoyalty4Shared\FilenameHandler.cpp">
      <Filter>Source Files</Filter>
    </ClCompile>
    <ClCompile Include="..\SPosLoyalty4Shared\FileRemover.cpp">
      <Filter>Source Files</Filter>
    </ClCompile>
    <ClCompile Include="..\SPosLoyalty4Shared\GlobalFunctions.cpp">
      <Filter>Source Files</Filter>
    </ClCompile>
    <ClCompile Include="..\SPosLoyalty4Shared\ImageHandler.cpp">
      <Filter>Source Files</Filter>
    </ClCompile>
    <ClCompile Include="..\SPosLoyalty4Shared\LoyaltySubs.cpp">
      <Filter>Source Files</Filter>
    </ClCompile>
    <ClCompile Include="..\SPosLoyalty4Shared\MyMessageBoxInfo.cpp">
      <Filter>Source Files</Filter>
    </ClCompile>
    <ClCompile Include="..\SPosLoyalty4Shared\MyMessageBoxStatic.cpp">
      <Filter>Source Files</Filter>
    </ClCompile>
    <ClCompile Include="..\SPosLoyalty4Shared\PresentationOptions.cpp">
      <Filter>Source Files</Filter>
    </ClCompile>
    <ClCompile Include="..\SPosLoyalty4Shared\RedeemPoints.cpp">
      <Filter>Source Files</Filter>
    </ClCompile>
    <ClCompile Include="..\SPosLoyalty4Shared\ServerData.cpp">
      <Filter>Source Files</Filter>
    </ClCompile>
    <ClCompile Include="..\SPosLoyalty4Shared\SystemData.cpp">
      <Filter>Source Files</Filter>
    </ClCompile>
    <ClCompile Include="..\SPosLoyalty4Shared\TLogRecord_base.cpp">
      <Filter>Source Files</Filter>
    </ClCompile>
    <ClCompile Include="AboutDlg.cpp">
      <Filter>Source Files</Filter>
    </ClCompile>
    <ClCompile Include="AccumulatorPropertyPage1.cpp">
      <Filter>Source Files</Filter>
    </ClCompile>
    <ClCompile Include="AccumulatorPropertyPage2.cpp">
      <Filter>Source Files</Filter>
    </ClCompile>
    <ClCompile Include="AccumulatorPropertySheet.cpp">
      <Filter>Source Files</Filter>
    </ClCompile>
    <ClCompile Include="AddCashDlg.cpp">
      <Filter>Source Files</Filter>
    </ClCompile>
    <ClCompile Include="AddLoyaltyDlg.cpp">
      <Filter>Source Files</Filter>
    </ClCompile>
    <ClCompile Include="AddPointsDlg.cpp">
      <Filter>Source Files</Filter>
    </ClCompile>
    <ClCompile Include="AtcArchiveDlg.cpp">
      <Filter>Source Files</Filter>
    </ClCompile>
    <ClCompile Include="AtcDateList.cpp">
      <Filter>Source Files</Filter>
    </ClCompile>
    <ClCompile Include="AuditRecord.cpp">
      <Filter>Source Files</Filter>
    </ClCompile>
    <ClCompile Include="AuditReport.cpp">
      <Filter>Source Files</Filter>
    </ClCompile>
    <ClCompile Include="AuditReportDlg.cpp">
      <Filter>Source Files</Filter>
    </ClCompile>
    <ClCompile Include="BatchPropertyPage1.cpp">
      <Filter>Source Files</Filter>
    </ClCompile>
    <ClCompile Include="BatchPropertyPage2.cpp">
      <Filter>Source Files</Filter>
    </ClCompile>
    <ClCompile Include="BatchPropertyPage3.cpp">
      <Filter>Source Files</Filter>
    </ClCompile>
    <ClCompile Include="BatchPropertyPage5.cpp">
      <Filter>Source Files</Filter>
    </ClCompile>
    <ClCompile Include="BatchPropertySheet.cpp">
      <Filter>Source Files</Filter>
    </ClCompile>
    <ClCompile Include="BatchUpdate.cpp">
      <Filter>Source Files</Filter>
    </ClCompile>
    <ClCompile Include="BirthdaysReportDlg.cpp">
      <Filter>Source Files</Filter>
    </ClCompile>
    <ClCompile Include="BitmapInfo.cpp">
      <Filter>Source Files</Filter>
    </ClCompile>
    <ClCompile Include="CalculateBonus.cpp">
      <Filter>Source Files</Filter>
    </ClCompile>
    <ClCompile Include="CardArchiveDlg.cpp">
      <Filter>Source Files</Filter>
    </ClCompile>
    <ClCompile Include="CardPicker.cpp">
      <Filter>Source Files</Filter>
    </ClCompile>
    <ClCompile Include="CardPickerDlg.cpp">
      <Filter>Source Files</Filter>
    </ClCompile>
    <ClCompile Include="CashlessAuditDlg.cpp">
      <Filter>Source Files</Filter>
    </ClCompile>
    <ClCompile Include="ColourButton.cpp">
      <Filter>Source Files</Filter>
    </ClCompile>
    <ClCompile Include="ColourEditDlg.cpp">
      <Filter>Source Files</Filter>
    </ClCompile>
    <ClCompile Include="ColumnHandler.cpp">
      <Filter>Source Files</Filter>
    </ClCompile>
    <ClCompile Include="ColumnListDlg.cpp">
      <Filter>Source Files</Filter>
    </ClCompile>
    <ClCompile Include="ColumnManager.cpp">
      <Filter>Source Files</Filter>
    </ClCompile>
    <ClCompile Include="CommentDlg.cpp">
      <Filter>Source Files</Filter>
    </ClCompile>
    <ClCompile Include="CommentHandler.cpp">
      <Filter>Source Files</Filter>
    </ClCompile>
    <ClCompile Include="DatabaseExport.cpp">
      <Filter>Source Files</Filter>
    </ClCompile>
    <ClCompile Include="DatabaseImportForManager.cpp">
      <Filter>Source Files</Filter>
    </ClCompile>
    <ClCompile Include="DatabaseReportsDlg.cpp">
      <Filter>Source Files</Filter>
    </ClCompile>
    <ClCompile Include="DateRangeDlg.cpp">
      <Filter>Source Files</Filter>
    </ClCompile>
    <ClCompile Include="DateSelectorRange.cpp">
      <Filter>Source Files</Filter>
    </ClCompile>
    <ClCompile Include="DateSelectorSingle.cpp">
      <Filter>Source Files</Filter>
    </ClCompile>
    <ClCompile Include="DbExportEditor.cpp">
      <Filter>Source Files</Filter>
    </ClCompile>
    <ClCompile Include="DbExportHandler.cpp">
      <Filter>Source Files</Filter>
    </ClCompile>
    <ClCompile Include="DbReportHandler.cpp">
      <Filter>Source Files</Filter>
    </ClCompile>
    <ClCompile Include="DefEditDlg.cpp">
      <Filter>Source Files</Filter>
    </ClCompile>
    <ClCompile Include="DefEditEmailDlg.cpp">
      <Filter>Source Files</Filter>
    </ClCompile>
    <ClCompile Include="DefTextEmailAddress.cpp">
      <Filter>Source Files</Filter>
    </ClCompile>
    <ClCompile Include="EditLoyaltyRecord.cpp">
      <Filter>Source Files</Filter>
    </ClCompile>
    <ClCompile Include="EditAccountPropertySheet.cpp">
      <Filter>Source Files</Filter>
    </ClCompile>
    <ClCompile Include="EmailOptions.cpp">
      <Filter>Source Files</Filter>
    </ClCompile>
    <ClCompile Include="ExportPropertyPage1.cpp">
      <Filter>Source Files</Filter>
    </ClCompile>
    <ClCompile Include="ExportPropertyPage2.cpp">
      <Filter>Source Files</Filter>
    </ClCompile>
    <ClCompile Include="ExportPropertyPage3.cpp">
      <Filter>Source Files</Filter>
    </ClCompile>
    <ClCompile Include="ExportPropertyPage4.cpp">
      <Filter>Source Files</Filter>
    </ClCompile>
    <ClCompile Include="ExportPropertySheet.cpp">
      <Filter>Source Files</Filter>
    </ClCompile>
    <ClCompile Include="FindDlg.cpp">
      <Filter>Source Files</Filter>
    </ClCompile>
    <ClCompile Include="FindSingleDlg.cpp">
      <Filter>Source Files</Filter>
    </ClCompile>
    <ClCompile Include="FontTable.cpp">
      <Filter>Source Files</Filter>
    </ClCompile>
    <ClCompile Include="GroupNoDlg.cpp">
      <Filter>Source Files</Filter>
    </ClCompile>
    <ClCompile Include="GroupPropertyPage1.cpp">
      <Filter>Source Files</Filter>
    </ClCompile>
    <ClCompile Include="GroupPropertyPage2.cpp">
      <Filter>Source Files</Filter>
    </ClCompile>
    <ClCompile Include="GroupPropertySheet.cpp">
      <Filter>Source Files</Filter>
    </ClCompile>
    <ClCompile Include="HotlistDlg.cpp">
      <Filter>Source Files</Filter>
    </ClCompile>
    <ClCompile Include="HotlistTraceDlg.cpp">
      <Filter>Source Files</Filter>
    </ClCompile>
    <ClCompile Include="ImportDataHandler.cpp">
      <Filter>Source Files</Filter>
    </ClCompile>
    <ClCompile Include="ImportRecordsDlg.cpp">
      <Filter>Source Files</Filter>
    </ClCompile>
    <ClCompile Include="ImportStatsDlg.cpp">
      <Filter>Source Files</Filter>
    </ClCompile>
    <ClCompile Include="ListDataDeleteDlg.cpp">
      <Filter>Source Files</Filter>
    </ClCompile>
    <ClCompile Include="ListDataDlg.cpp">
      <Filter>Source Files</Filter>
    </ClCompile>
    <ClCompile Include="ListDataEmailAddressDlg.cpp">
      <Filter>Source Files</Filter>
    </ClCompile>
    <ClCompile Include="ListDataGroupDlg.cpp">
      <Filter>Source Files</Filter>
    </ClCompile>
    <ClCompile Include="ListDataPrinterSelectDlg.cpp">
      <Filter>Source Files</Filter>
    </ClCompile>
    <ClCompile Include="LoyaltyManager.cpp">
      <Filter>Source Files</Filter>
    </ClCompile>
    <ClCompile Include="LoyaltyManagerDlg.cpp">
      <Filter>Source Files</Filter>
    </ClCompile>
    <ClCompile Include="MyMessageBoxDlg.cpp">
      <Filter>Source Files</Filter>
    </ClCompile>
    <ClCompile Include="MyMifare.cpp">
      <Filter>Source Files</Filter>
    </ClCompile>
    <ClCompile Include="PasswordData.cpp">
      <Filter>Source Files</Filter>
    </ClCompile>
    <ClCompile Include="PasswordDlg.cpp">
      <Filter>Source Files</Filter>
    </ClCompile>
    <ClCompile Include="PCOptions.cpp">
      <Filter>Source Files</Filter>
    </ClCompile>
    <ClCompile Include="PersistentSelectionEdit.cpp">
      <Filter>Source Files</Filter>
    </ClCompile>
    <ClCompile Include="PhotoIDDlg.cpp">
      <Filter>Source Files</Filter>
    </ClCompile>
    <ClCompile Include="PhotoIDEditDlg.cpp">
      <Filter>Source Files</Filter>
    </ClCompile>
    <ClCompile Include="PhotoIDFilenameStack.cpp">
      <Filter>Source Files</Filter>
    </ClCompile>
    <ClCompile Include="PhotoIDListData.cpp">
      <Filter>Source Files</Filter>
    </ClCompile>
    <ClCompile Include="PhotoIDListDlg.cpp">
      <Filter>Source Files</Filter>
    </ClCompile>
    <ClCompile Include="Prompter.cpp">
      <Filter>Source Files</Filter>
    </ClCompile>
    <ClCompile Include="PurchaseReport.cpp">
      <Filter>Source Files</Filter>
    </ClCompile>
    <ClCompile Include="RecordTransferDlg.cpp">
      <Filter>Source Files</Filter>
    </ClCompile>
    <ClCompile Include="Recsort.cpp">
      <Filter>Source Files</Filter>
    </ClCompile>
    <ClCompile Include="RedeemPointsDlg.cpp">
      <Filter>Source Files</Filter>
    </ClCompile>
    <ClCompile Include="RefreshDaysDlg.cpp">
      <Filter>Source Files</Filter>
    </ClCompile>
    <ClCompile Include="RefreshWeeklyDlg.cpp">
      <Filter>Source Files</Filter>
    </ClCompile>
    <ClCompile Include="RefreshYearlyDlg.cpp">
      <Filter>Source Files</Filter>
    </ClCompile>
    <ClCompile Include="RepmanHandler.cpp">
      <Filter>Source Files</Filter>
    </ClCompile>
    <ClCompile Include="ReportAccumulator.cpp">
      <Filter>Source Files</Filter>
    </ClCompile>
    <ClCompile Include="ReportBirthday.cpp">
      <Filter>Source Files</Filter>
    </ClCompile>
    <ClCompile Include="ReportCashlessLiability.cpp">
      <Filter>Source Files</Filter>
    </ClCompile>
    <ClCompile Include="ReportCashlessPosting.cpp">
      <Filter>Source Files</Filter>
    </ClCompile>
    <ClCompile Include="ReportCSVFile.cpp">
      <Filter>Source Files</Filter>
    </ClCompile>
    <ClCompile Include="ReportDatabase.cpp">
      <Filter>Source Files</Filter>
    </ClCompile>
    <ClCompile Include="ReportDefaultHandler.cpp">
      <Filter>Source Files</Filter>
    </ClCompile>
    <ClCompile Include="ReportGroupPeriodSales.cpp">
      <Filter>Source Files</Filter>
    </ClCompile>
    <ClCompile Include="ReportInfoAccumulator.cpp">
      <Filter>Source Files</Filter>
    </ClCompile>
    <ClCompile Include="AuditReportConfig.cpp">
      <Filter>Source Files</Filter>
    </ClCompile>
    <ClCompile Include="ReportInfoBirthday.cpp">
      <Filter>Source Files</Filter>
    </ClCompile>
    <ClCompile Include="ReportInfoCashless.cpp">
      <Filter>Source Files</Filter>
    </ClCompile>
    <ClCompile Include="ReportInfoDateRange.cpp">
      <Filter>Source Files</Filter>
    </ClCompile>
    <ClCompile Include="ReportInfoPurchaseHistory.cpp">
      <Filter>Source Files</Filter>
    </ClCompile>
    <ClCompile Include="ReportInfoStartingBalance.cpp">
      <Filter>Source Files</Filter>
    </ClCompile>
    <ClCompile Include="ReportPhotoIDList.cpp">
      <Filter>Source Files</Filter>
    </ClCompile>
    <ClCompile Include="ReportPluRanking.cpp">
      <Filter>Source Files</Filter>
    </ClCompile>
    <ClCompile Include="ReportPurchaseHistoryDlg.cpp">
      <Filter>Source Files</Filter>
    </ClCompile>
    <ClCompile Include="ReportStartingBalance.cpp">
      <Filter>Source Files</Filter>
    </ClCompile>
    <ClCompile Include="ReportStartingBalanceDlg.cpp">
      <Filter>Source Files</Filter>
    </ClCompile>
    <ClCompile Include="ReportVisitTotaliser.cpp">
      <Filter>Source Files</Filter>
    </ClCompile>
    <ClCompile Include="SelectAlertDlg.cpp">
      <Filter>Source Files</Filter>
    </ClCompile>
    <ClCompile Include="ServerPropertyPage1.cpp">
      <Filter>Source Files</Filter>
    </ClCompile>
    <ClCompile Include="ServerPropertyPage2.cpp">
      <Filter>Source Files</Filter>
    </ClCompile>
    <ClCompile Include="ServerPropertyPage3.cpp">
      <Filter>Source Files</Filter>
    </ClCompile>
    <ClCompile Include="ServerPropertyPage4.cpp">
      <Filter>Source Files</Filter>
    </ClCompile>
    <ClCompile Include="ServerPropertyPage5.cpp">
      <Filter>Source Files</Filter>
    </ClCompile>
    <ClCompile Include="ServerPropertyPage6.cpp">
      <Filter>Source Files</Filter>
    </ClCompile>
    <ClCompile Include="ServerPropertySheet.cpp">
      <Filter>Source Files</Filter>
    </ClCompile>
    <ClCompile Include="SetupAlertTextsDlg.cpp">
      <Filter>Source Files</Filter>
    </ClCompile>
    <ClCompile Include="SetupAuditPeriodsDlg.cpp">
      <Filter>Source Files</Filter>
    </ClCompile>
    <ClCompile Include="SetupEposPathsDlg.cpp">
      <Filter>Source Files</Filter>
    </ClCompile>
    <ClCompile Include="SetupGroupPeriodsDlg.cpp">
      <Filter>Source Files</Filter>
    </ClCompile>
    <ClCompile Include="PasswordOptionsDlg.cpp">
      <Filter>Source Files</Filter>
    </ClCompile>
    <ClCompile Include="SetupPhotoIDDlg.cpp">
      <Filter>Source Files</Filter>
    </ClCompile>
    <ClCompile Include="SetupReaderDlg.cpp">
      <Filter>Source Files</Filter>
    </ClCompile>
    <ClCompile Include="SetupUserTextsDlg.cpp">
      <Filter>Source Files</Filter>
    </ClCompile>
    <ClCompile Include="SimulateReaderDlg.cpp">
      <Filter>Source Files</Filter>
    </ClCompile>
    <ClCompile Include="SingleListHelpers.cpp">
      <Filter>Source Files</Filter>
    </ClCompile>
    <ClCompile Include="StandardCombos.cpp">
      <Filter>Source Files</Filter>
    </ClCompile>
    <ClCompile Include="SystemPropertyPage1.cpp">
      <Filter>Source Files</Filter>
    </ClCompile>
    <ClCompile Include="SystemPropertyPage2.cpp">
      <Filter>Source Files</Filter>
    </ClCompile>
    <ClCompile Include="SystemPropertyPage3.cpp">
      <Filter>Source Files</Filter>
    </ClCompile>
    <ClCompile Include="SystemPropertyPage4.cpp">
      <Filter>Source Files</Filter>
    </ClCompile>
    <ClCompile Include="SystemPropertyPage5.cpp">
      <Filter>Source Files</Filter>
    </ClCompile>
    <ClCompile Include="SystemPropertyPage6.cpp">
      <Filter>Source Files</Filter>
    </ClCompile>
    <ClCompile Include="SystemPropertySheet.cpp">
      <Filter>Source Files</Filter>
    </ClCompile>
    <ClCompile Include="TerminalData.cpp">
      <Filter>Source Files</Filter>
    </ClCompile>
    <ClCompile Include="TLogDatabase.cpp">
      <Filter>Source Files</Filter>
    </ClCompile>
    <ClCompile Include="TLogFile.cpp">
      <Filter>Source Files</Filter>
    </ClCompile>
    <ClCompile Include="TLogRecord.cpp">
      <Filter>Source Files</Filter>
    </ClCompile>
    <ClCompile Include="TooManyUsersDlg.cpp">
      <Filter>Source Files</Filter>
    </ClCompile>
    <ClCompile Include="UpgradeDlg.cpp">
      <Filter>Source Files</Filter>
    </ClCompile>
    <ClCompile Include="UpgradeHandler.cpp">
      <Filter>Source Files</Filter>
    </ClCompile>
    <ClCompile Include="version.cpp">
      <Filter>Source Files</Filter>
    </ClCompile>
    <ClCompile Include="..\SPosLoyalty4Shared\ServiceOptions.cpp">
      <Filter>Source Files</Filter>
    </ClCompile>
    <ClCompile Include="ServiceInstallDlg.cpp">
      <Filter>Source Files</Filter>
    </ClCompile>
    <ClCompile Include="ServiceLogonDlg.cpp">
      <Filter>Source Files</Filter>
    </ClCompile>
    <ClCompile Include="..\SPosLoyalty4Shared\TrackedFile.cpp">
      <Filter>Source Files</Filter>
    </ClCompile>
    <ClCompile Include="WinService.cpp">
      <Filter>Source Files</Filter>
    </ClCompile>
    <ClCompile Include="PasswordListDlg.cpp">
      <Filter>Source Files</Filter>
    </ClCompile>
    <ClCompile Include="SelectMultipleEntityDlg.cpp">
      <Filter>Source Files</Filter>
    </ClCompile>
    <ClCompile Include="SelectMultiplePasswordDlg.cpp">
      <Filter>Source Files</Filter>
    </ClCompile>
    <ClCompile Include="SelectMultipleEntityInfo.cpp">
      <Filter>Source Files</Filter>
    </ClCompile>
    <ClCompile Include="PasswordLogDlg.cpp">
      <Filter>Source Files</Filter>
    </ClCompile>
    <ClCompile Include="PasswordLogger.cpp">
      <Filter>Source Files</Filter>
    </ClCompile>
    <ClCompile Include="PasswordLogReport.cpp">
      <Filter>Source Files</Filter>
    </ClCompile>
    <ClCompile Include="AuditReportWrapper.cpp">
      <Filter>Source Files</Filter>
    </ClCompile>
    <ClCompile Include="DemoWarning.cpp">
      <Filter>Source Files</Filter>
    </ClCompile>
    <ClCompile Include="BatchUpdateHelpers.cpp">
      <Filter>Source Files</Filter>
    </ClCompile>
    <ClCompile Include="EditAccountPropertyPage1.cpp">
      <Filter>Source Files</Filter>
    </ClCompile>
    <ClCompile Include="EditAccountPropertyPage2.cpp">
      <Filter>Source Files</Filter>
    </ClCompile>
    <ClCompile Include="EditAccountPropertyPage4.cpp">
      <Filter>Source Files</Filter>
    </ClCompile>
    <ClCompile Include="..\SPosLoyalty4Shared\AESHelpers.cpp">
      <Filter>Source Files</Filter>
    </ClCompile>
    <ClCompile Include="..\SPosLoyalty4Shared\AccountFieldValidator.cpp">
      <Filter>Source Files</Filter>
    </ClCompile>
    <ClCompile Include="ReportGroupPeriodSalesDlg.cpp">
      <Filter>Source Files</Filter>
    </ClCompile>
    <ClCompile Include="ReportInfoPeriodSales.cpp">
      <Filter>Source Files</Filter>
    </ClCompile>
    <ClCompile Include="ReportInfoDateRangeBase.cpp">
      <Filter>Source Files</Filter>
    </ClCompile>
    <ClCompile Include="AlertText.cpp">
      <Filter>Source Files</Filter>
    </ClCompile>
    <ClCompile Include="GroupComboHelpers.cpp">
      <Filter>Source Files</Filter>
    </ClCompile>
    <ClCompile Include="..\SPosLoyalty4Shared\SQLBuilderBind.cpp">
      <Filter>Source Files</Filter>
    </ClCompile>
    <ClCompile Include="..\SPosLoyalty4Shared\SQLDb.cpp">
      <Filter>Source Files</Filter>
    </ClCompile>
    <ClCompile Include="..\SPosLoyalty4Shared\SQLFieldValidatorBase.cpp">
      <Filter>Source Files</Filter>
    </ClCompile>
    <ClCompile Include="..\SPosLoyalty4Shared\SQLHelpers.cpp">
      <Filter>Source Files</Filter>
    </ClCompile>
    <ClCompile Include="SQLRowSetAccountList.cpp">
      <Filter>Source Files</Filter>
    </ClCompile>
    <ClCompile Include="SQLRecordSetAccountList.cpp">
      <Filter>Source Files</Filter>
    </ClCompile>
    <ClCompile Include="SQLRowSetAccountFind.cpp">
      <Filter>Source Files</Filter>
    </ClCompile>
    <ClCompile Include="WorkingDlg.cpp">
      <Filter>Source Files</Filter>
    </ClCompile>
    <ClCompile Include="..\SPosLoyalty4Shared\LoyaltyHeaderHelpers.cpp">
      <Filter>Source Files</Filter>
    </ClCompile>
    <ClCompile Include="..\SPosLoyalty4Shared\GroupHeaderHelpers.cpp">
      <Filter>Source Files</Filter>
    </ClCompile>
    <ClCompile Include="GroupImportForManager.cpp">
      <Filter>Source Files</Filter>
    </ClCompile>
    <ClCompile Include="HeaderWarnDlg.cpp">
      <Filter>Source Files</Filter>
    </ClCompile>
    <ClCompile Include="ListDataHeaderChangeDlg.cpp">
      <Filter>Source Files</Filter>
    </ClCompile>
    <ClCompile Include="..\SPosLoyalty4Shared\SQLConnectionPool.cpp">
      <Filter>Source Files</Filter>
    </ClCompile>
    <ClCompile Include="..\SPosLoyalty4Shared\SQLRecordSetConnectionPool.cpp">
      <Filter>Source Files</Filter>
    </ClCompile>
    <ClCompile Include="..\SPosLoyalty4Shared\SQLTranBase.cpp">
      <Filter>Source Files</Filter>
    </ClCompile>
    <ClCompile Include="SQLTranSaveAccount.cpp">
      <Filter>Source Files</Filter>
    </ClCompile>
    <ClCompile Include="SQLTranSaveGroup.cpp">
      <Filter>Source Files</Filter>
    </ClCompile>
    <ClCompile Include="SQLTranDeleteAccount.cpp">
      <Filter>Source Files</Filter>
    </ClCompile>
    <ClCompile Include="..\SPosLoyalty4Shared\SQLResultInfo.cpp">
      <Filter>Source Files</Filter>
    </ClCompile>
    <ClCompile Include="SQLTranXFerAccount.cpp">
      <Filter>Source Files</Filter>
    </ClCompile>
    <ClCompile Include="SQLTranUnhotlistAccount.cpp">
      <Filter>Source Files</Filter>
    </ClCompile>
    <ClCompile Include="..\SPosLoyalty4Shared\SQLTranImportDatabase.cpp">
      <Filter>Source Files</Filter>
    </ClCompile>
    <ClCompile Include="..\SPosLoyalty4Shared\LoyaltyAuditAppend.cpp">
      <Filter>Source Files</Filter>
    </ClCompile>
    <ClCompile Include="SQLTranBatchUpdate.cpp">
      <Filter>Source Files</Filter>
    </ClCompile>
    <ClCompile Include="BatchAccountDetailMemory.cpp">
      <Filter>Source Files</Filter>
    </ClCompile>
    <ClCompile Include="BatchAccountBalanceMemory.cpp">
      <Filter>Source Files</Filter>
    </ClCompile>
    <ClCompile Include="SQLTranBatchAdd.cpp">
      <Filter>Source Files</Filter>
    </ClCompile>
    <ClCompile Include="SQLOut.cpp">
      <Filter>Source Files</Filter>
    </ClCompile>
    <ClCompile Include="SQLScriptExport.cpp">
      <Filter>Source Files</Filter>
    </ClCompile>
    <ClCompile Include="SQLIn.cpp">
      <Filter>Source Files</Filter>
    </ClCompile>
    <ClCompile Include="SQLTranScriptImport.cpp">
      <Filter>Source Files</Filter>
    </ClCompile>
    <ClCompile Include="AutoBackupOptions.cpp">
      <Filter>Source Files</Filter>
    </ClCompile>
    <ClCompile Include="SystemPropertyPage7.cpp">
      <Filter>Source Files</Filter>
    </ClCompile>
    <ClCompile Include="AutoBackupProcessor.cpp">
      <Filter>Source Files</Filter>
    </ClCompile>
    <ClCompile Include="BackupResultDlg.cpp">
      <Filter>Source Files</Filter>
    </ClCompile>
    <ClCompile Include="SystemBackup.cpp">
      <Filter>Source Files</Filter>
    </ClCompile>
    <ClCompile Include="BackupFilter.cpp">
      <Filter>Source Files</Filter>
    </ClCompile>
    <ClCompile Include="BackupProgressDlg.cpp">
      <Filter>Source Files</Filter>
    </ClCompile>
    <ClCompile Include="FileRemoverBackup.cpp">
      <Filter>Source Files</Filter>
    </ClCompile>
    <ClCompile Include="BackupTypeDlg.cpp">
      <Filter>Source Files</Filter>
    </ClCompile>
    <ClCompile Include="ListDataRestoreDlg.cpp">
      <Filter>Source Files</Filter>
    </ClCompile>
    <ClCompile Include="BackupPromptDlg.cpp">
      <Filter>Source Files</Filter>
    </ClCompile>
    <ClCompile Include="BackupInfoDlg.cpp">
      <Filter>Source Files</Filter>
    </ClCompile>
    <ClCompile Include="PropPageBackupSchedule.cpp">
      <Filter>Source Files</Filter>
    </ClCompile>
    <ClCompile Include="PropPageBackupMode.cpp">
      <Filter>Source Files</Filter>
    </ClCompile>
    <ClCompile Include="PropertySheetBackup.cpp">
      <Filter>Source Files</Filter>
    </ClCompile>
    <ClCompile Include="ServerPropertyPage7.cpp">
      <Filter>Source Files</Filter>
    </ClCompile>
    <ClCompile Include="..\SPosLoyalty4Shared\SQLWhereBuilder.cpp">
      <Filter>Source Files</Filter>
    </ClCompile>
    <ClCompile Include="..\SPosLoyalty4Shared\LoyaltyCommandLineInfo.cpp">
      <Filter>Source Files</Filter>
    </ClCompile>
    <ClCompile Include="..\SPosLoyalty4Shared\MessageLogger.cpp">
      <Filter>Source Files</Filter>
    </ClCompile>
    <ClCompile Include="..\SPosLoyalty4Shared\FileRecycler.cpp">
      <Filter>Source Files</Filter>
    </ClCompile>
    <ClCompile Include="LockManager.cpp">
      <Filter>Source Files</Filter>
    </ClCompile>
    <ClCompile Include="WaitLockDlg.cpp">
      <Filter>Source Files</Filter>
    </ClCompile>
    <ClCompile Include="DbExportHelpers.cpp">
      <Filter>Source Files</Filter>
    </ClCompile>
    <ClCompile Include="ListDataStaffCardDlg.cpp">
      <Filter>Source Files</Filter>
    </ClCompile>
    <ClCompile Include="SQLRowSetStaffCard.cpp">
      <Filter>Source Files</Filter>
    </ClCompile>
    <ClCompile Include="SQLTranSaveStaffCard.cpp">
      <Filter>Source Files</Filter>
    </ClCompile>
    <ClCompile Include="..\SPosLoyalty4Shared\LoyaltyAuditFile.cpp">
      <Filter>Source Files</Filter>
    </ClCompile>
    <ClCompile Include="EditStaffCardDlg.cpp">
      <Filter>Source Files</Filter>
    </ClCompile>
    <ClCompile Include="SQLRowSetStaffGiftException.cpp">
      <Filter>Source Files</Filter>
    </ClCompile>
    <ClCompile Include="ListDataStaffGiftExceptionDlg.cpp">
      <Filter>Source Files</Filter>
    </ClCompile>
    <ClCompile Include="SQLTranRefundStaffGift.cpp">
      <Filter>Source Files</Filter>
    </ClCompile>
    <ClCompile Include="SQLTranRetryStaffGift.cpp">
      <Filter>Source Files</Filter>
    </ClCompile>
    <ClCompile Include="..\SPosLoyalty4Shared\SQLConnectionOptions.cpp">
      <Filter>Source Files</Filter>
    </ClCompile>
    <ClCompile Include="..\SPosLoyalty4Shared\SQLTable_CCNo\SQLFieldValidatorCCNo.cpp">
      <Filter>Source Files</Filter>
    </ClCompile>
    <ClCompile Include="..\SPosLoyalty4Shared\SQLTable_CCNo\SQLRowCCNo.cpp">
      <Filter>Source Files</Filter>
    </ClCompile>
    <ClCompile Include="..\SPosLoyalty4Shared\SQLTable_CCNo\SQLRecordSetCCNo.cpp">
      <Filter>Source Files</Filter>
    </ClCompile>
    <ClCompile Include="..\SPosLoyalty4Shared\SQLTable_AuditPeriod\SQLFieldValidatorAuditPeriod.cpp">
      <Filter>Source Files</Filter>
    </ClCompile>
    <ClCompile Include="..\SPosLoyalty4Shared\SQLTable_AuditPeriod\SQLRepositoryAuditPeriod.cpp">
      <Filter>Source Files</Filter>
    </ClCompile>
    <ClCompile Include="..\SPosLoyalty4Shared\SQLTable_AuditPeriod\SQLRecordSetAuditPeriod.cpp">
      <Filter>Source Files</Filter>
    </ClCompile>
    <ClCompile Include="..\SPosLoyalty4Shared\SQLTable_AuditPeriod\SQLRowAuditPeriod.cpp">
      <Filter>Source Files</Filter>
    </ClCompile>
    <ClCompile Include="..\SPosLoyalty4Shared\SQLTable_AuditPeriod\SQLRowSetAuditPeriod.cpp">
      <Filter>Source Files</Filter>
    </ClCompile>
    <ClCompile Include="..\SPosLoyalty4Shared\SQLTable_Group\SQLFieldValidatorGroup.cpp">
      <Filter>Source Files</Filter>
    </ClCompile>
    <ClCompile Include="..\SPosLoyalty4Shared\SQLTable_Group\SQLRepositoryGroup.cpp">
      <Filter>Source Files</Filter>
    </ClCompile>
    <ClCompile Include="..\SPosLoyalty4Shared\SQLTable_PluInfo\SQLFieldValidatorPluInfo.cpp">
      <Filter>Source Files</Filter>
    </ClCompile>
    <ClCompile Include="..\SPosLoyalty4Shared\SQLTable_PluInfo\SQLRepositoryPluInfo.cpp">
      <Filter>Source Files</Filter>
    </ClCompile>
    <ClCompile Include="..\SPosLoyalty4Shared\SQLTable_PluInfo\SQLRecordSetPluInfo.cpp">
      <Filter>Source Files</Filter>
    </ClCompile>
    <ClCompile Include="..\SPosLoyalty4Shared\SQLTable_PluInfo\SQLRowPluInfo.cpp">
      <Filter>Source Files</Filter>
    </ClCompile>
    <ClCompile Include="..\SPosLoyalty4Shared\SQLTable_ExternalAccount\SQLFieldValidatorExternalAccount.cpp">
      <Filter>Source Files</Filter>
    </ClCompile>
    <ClCompile Include="..\SPosLoyalty4Shared\SQLTable_ExternalAccount\SQLRepositoryExternalAccount.cpp">
      <Filter>Source Files</Filter>
    </ClCompile>
    <ClCompile Include="..\SPosLoyalty4Shared\SQLTable_ExternalAccount\SQLRecordSetExternalAccount.cpp">
      <Filter>Source Files</Filter>
    </ClCompile>
    <ClCompile Include="..\SPosLoyalty4Shared\SQLTable_ExternalAccount\SQLRowExternalAccount.cpp">
      <Filter>Source Files</Filter>
    </ClCompile>
    <ClCompile Include="..\SPosLoyalty4Shared\SQLTable_StaffCard\SQLFieldValidatorStaffCard.cpp">
      <Filter>Source Files</Filter>
    </ClCompile>
    <ClCompile Include="..\SPosLoyalty4Shared\SQLTable_StaffCard\SQLRepositoryStaffCard.cpp">
      <Filter>Source Files</Filter>
    </ClCompile>
    <ClCompile Include="..\SPosLoyalty4Shared\SQLTable_StaffCard\SQLRecordSetStaffCard.cpp">
      <Filter>Source Files</Filter>
    </ClCompile>
    <ClCompile Include="..\SPosLoyalty4Shared\SQLTable_StaffCard\SQLRowStaffCard.cpp">
      <Filter>Source Files</Filter>
    </ClCompile>
    <ClCompile Include="..\SPosLoyalty4Shared\SQLTable_StaffGiftException\SQLFieldValidatorStaffGiftException.cpp">
      <Filter>Source Files</Filter>
    </ClCompile>
    <ClCompile Include="..\SPosLoyalty4Shared\SQLTable_StaffGiftException\SQLRepositoryStaffGiftException.cpp">
      <Filter>Source Files</Filter>
    </ClCompile>
    <ClCompile Include="..\SPosLoyalty4Shared\SQLTable_StaffGiftException\SQLRecordSetStaffGiftException.cpp">
      <Filter>Source Files</Filter>
    </ClCompile>
    <ClCompile Include="..\SPosLoyalty4Shared\SQLTable_StaffGiftException\SQLRowStaffGiftException.cpp">
      <Filter>Source Files</Filter>
    </ClCompile>
    <ClCompile Include="..\SPosLoyalty4Shared\SQLTable_DbVersion\SQLFieldValidatorDbVersion.cpp">
      <Filter>Source Files</Filter>
    </ClCompile>
    <ClCompile Include="..\SPosLoyalty4Shared\SQLTable_DbVersion\SQLRecordSetDbVersion.cpp">
      <Filter>Source Files</Filter>
    </ClCompile>
    <ClCompile Include="..\SPosLoyalty4Shared\SQLTable_DbVersion\SQLRowDbVersion.cpp">
      <Filter>Source Files</Filter>
    </ClCompile>
    <ClCompile Include="..\SPosLoyalty4Shared\SQLTable_Account\SQLFieldValidatorAccount.cpp">
      <Filter>Source Files</Filter>
    </ClCompile>
    <ClCompile Include="..\SPosLoyalty4Shared\SQLTable_Account\SQLRepositoryAccount.cpp">
      <Filter>Source Files</Filter>
    </ClCompile>
    <ClCompile Include="..\SPosLoyalty4Shared\SQLTable_Account\SQLRecordSetAccountFull.cpp">
      <Filter>Source Files</Filter>
    </ClCompile>
    <ClCompile Include="..\SPosLoyalty4Shared\SQLTable_Account\SQLRecordSetAccountUserID.cpp">
      <Filter>Source Files</Filter>
    </ClCompile>
    <ClCompile Include="..\SPosLoyalty4Shared\SQLTable_Account\SQLRowAccountFind.cpp">
      <Filter>Source Files</Filter>
    </ClCompile>
    <ClCompile Include="..\SPosLoyalty4Shared\SQLTable_Account\SQLRowAccountFull.cpp">
      <Filter>Source Files</Filter>
    </ClCompile>
    <ClCompile Include="..\SPosLoyalty4Shared\SQLTable_Account\SQLRowAccountList.cpp">
      <Filter>Source Files</Filter>
    </ClCompile>
    <ClCompile Include="SQLTweakDlg.cpp">
      <Filter>Source Files</Filter>
    </ClCompile>
    <ClCompile Include="..\SPosLoyalty4Shared\SQLTable_OfferStamp\SQLFieldValidatorOfferStamp.cpp">
      <Filter>Source Files</Filter>
    </ClCompile>
    <ClCompile Include="..\SPosLoyalty4Shared\SQLTable_OfferStamp\SQLRepositoryOfferStamp.cpp">
      <Filter>Source Files</Filter>
    </ClCompile>
    <ClCompile Include="..\SPosLoyalty4Shared\SQLTable_OfferStamp\SQLRecordSetOfferStamp.cpp">
      <Filter>Source Files</Filter>
    </ClCompile>
    <ClCompile Include="..\SPosLoyalty4Shared\SQLTable_OfferStamp\SQLRowOfferStamp.cpp">
      <Filter>Source Files</Filter>
    </ClCompile>
    <ClCompile Include="..\SPosLoyalty4Shared\SQLTable_StampOfferInfo\SQLFieldValidatorStampOfferInfo.cpp">
      <Filter>Source Files</Filter>
    </ClCompile>
    <ClCompile Include="..\SPosLoyalty4Shared\SQLTable_StampOfferInfo\SQLRepositoryStampOfferInfo.cpp">
      <Filter>Source Files</Filter>
    </ClCompile>
    <ClCompile Include="..\SPosLoyalty4Shared\SQLTable_StampOfferInfo\SQLRowStampOfferInfo.cpp">
      <Filter>Source Files</Filter>
    </ClCompile>
    <ClCompile Include="..\SPosLoyalty4Shared\SQLTable_StampOfferInfo\SQLRecordSetStampOfferInfo.cpp">
      <Filter>Source Files</Filter>
    </ClCompile>
    <ClCompile Include="SQLRowSetStampOfferInfo.cpp">
      <Filter>Source Files</Filter>
    </ClCompile>
    <ClCompile Include="ListDataStampOfferInfoDlg.cpp">
      <Filter>Source Files</Filter>
    </ClCompile>
    <ClCompile Include="ListDataStampOfferPluDlg.cpp">
      <Filter>Source Files</Filter>
    </ClCompile>
    <ClCompile Include="EditAccountPropertyPage5.cpp">
      <Filter>Source Files</Filter>
    </ClCompile>
    <ClCompile Include="StampOfferReportDlg.cpp">
      <Filter>Source Files</Filter>
    </ClCompile>
    <ClCompile Include="StampOfferReportConfig.cpp">
      <Filter>Source Files</Filter>
    </ClCompile>
    <ClCompile Include="StampOfferReportWrapper.cpp">
      <Filter>Source Files</Filter>
    </ClCompile>
    <ClCompile Include="StampOfferReport.cpp">
      <Filter>Source Files</Filter>
    </ClCompile>
    <ClCompile Include="..\SPosLoyalty4Shared\AuditReportTexts.cpp">
      <Filter>Source Files</Filter>
    </ClCompile>
    <ClCompile Include="..\SPosLoyalty4Shared\SQLStampOfferBuffer.cpp">
      <Filter>Source Files</Filter>
    </ClCompile>
    <ClCompile Include="..\SPosLoyalty4Shared\SQLStampOfferCache.cpp">
      <Filter>Source Files</Filter>
    </ClCompile>
    <ClCompile Include="EditStampsDlg.cpp">
      <Filter>Source Files</Filter>
    </ClCompile>
    <ClCompile Include="SQLTranStampManualAdd.cpp">
      <Filter>Source Files</Filter>
    </ClCompile>
    <ClCompile Include="SQLTranStampManualEdit.cpp">
      <Filter>Source Files</Filter>
    </ClCompile>
    <ClCompile Include="..\SPosLoyalty4Shared\DateRangeHelpers.cpp">
      <Filter>Source Files</Filter>
    </ClCompile>
    <ClCompile Include="..\SPosLoyalty4Shared\ExpiryDateRange.cpp">
      <Filter>Source Files</Filter>
    </ClCompile>
    <ClCompile Include="..\SPosLoyalty4Shared\VersionStrings.cpp">
      <Filter>Source Files</Filter>
    </ClCompile>
    <ClCompile Include="StampOfferModifyDlg.cpp">
      <Filter>Source Files</Filter>
    </ClCompile>
    <ClCompile Include="StampOfferDeleteDlg.cpp">
      <Filter>Source Files</Filter>
    </ClCompile>
    <ClCompile Include="..\SPosLoyalty4Shared\SQLTable_DeptInfo\SQLFieldValidatorDeptInfo.cpp">
      <Filter>Source Files</Filter>
    </ClCompile>
    <ClCompile Include="..\SPosLoyalty4Shared\SQLTable_DeptInfo\SQLRepositoryDeptInfo.cpp">
      <Filter>Source Files</Filter>
    </ClCompile>
    <ClCompile Include="..\SPosLoyalty4Shared\SQLTable_DeptInfo\SQLRecordSetDeptInfo.cpp">
      <Filter>Source Files</Filter>
    </ClCompile>
    <ClCompile Include="..\SPosLoyalty4Shared\SQLTable_DeptInfo\SQLRowDeptInfo.cpp">
      <Filter>Source Files</Filter>
    </ClCompile>
    <ClCompile Include="ServerPropertyPage8.cpp">
      <Filter>Source Files</Filter>
    </ClCompile>
    <ClCompile Include="GroupPropertyPage4.cpp">
      <Filter>Source Files</Filter>
    </ClCompile>
    <ClCompile Include="SMTPEmailHelpers.cpp">
      <Filter>Source Files</Filter>
    </ClCompile>
    <ClCompile Include="SMTPErrorDlg.cpp">
      <Filter>Source Files</Filter>
    </ClCompile>
    <ClCompile Include="SMTPResultsDlg.cpp">
      <Filter>Source Files</Filter>
    </ClCompile>
    <ClCompile Include="ListDataDatabaseTestDlg.cpp">
      <Filter>Source Files</Filter>
    </ClCompile>
    <ClCompile Include="..\SPosLoyalty4Shared\DiagnosticTimer.cpp">
      <Filter>Source Files</Filter>
    </ClCompile>
    <ClCompile Include="..\SPosLoyalty4Shared\SQLTable_EcrmanDatabase\SQLFieldValidatorEcrmanDatabase.cpp">
      <Filter>Source Files</Filter>
    </ClCompile>
    <ClCompile Include="..\SPosLoyalty4Shared\SQLTable_EcrmanDatabase\SQLRecordSetEcrmanDatabase.cpp">
      <Filter>Source Files</Filter>
    </ClCompile>
    <ClCompile Include="..\SPosLoyalty4Shared\SQLTable_EcrmanDatabase\SQLRowEcrmanDatabase.cpp">
      <Filter>Source Files</Filter>
    </ClCompile>
    <ClCompile Include="SQLSchema\SQLBuilderCreateTable.cpp">
      <Filter>Source Files</Filter>
    </ClCompile>
    <ClCompile Include="SQLSchema\SQLBuildSchema.cpp">
      <Filter>Source Files</Filter>
    </ClCompile>
    <ClCompile Include="SQLSchema\SQLTranBuildSchema.cpp">
      <Filter>Source Files</Filter>
    </ClCompile>
    <ClCompile Include="SQLSchema\SQLTranMigrateSchema.cpp">
      <Filter>Source Files</Filter>
    </ClCompile>
    <ClCompile Include="CalculateSpendBonus.cpp">
      <Filter>Source Files</Filter>
    </ClCompile>
    <ClCompile Include="ReportDailyDifference.cpp">
      <Filter>Source Files</Filter>
    </ClCompile>
    <ClCompile Include="TerminalListHandler.cpp">
      <Filter>Source Files</Filter>
    </ClCompile>
    <ClCompile Include="ReportLocationControls.cpp">
      <Filter>Source Files</Filter>
    </ClCompile>
    <ClCompile Include="..\SPosLoyalty4Shared\SQLTable_GroupTopupBonus\SQLFieldValidatorGroupTopupBonus.cpp">
      <Filter>Source Files</Filter>
    </ClCompile>
    <ClCompile Include="..\SPosLoyalty4Shared\SQLTable_GroupTopupBonus\SQLRepositoryGroupTopupBonus.cpp">
      <Filter>Source Files</Filter>
    </ClCompile>
    <ClCompile Include="..\SPosLoyalty4Shared\SQLTable_GroupTopupBonus\SQLRowGroupTopupBonus.cpp">
      <Filter>Source Files</Filter>
    </ClCompile>
    <ClCompile Include="..\SPosLoyalty4Shared\SQLTable_GroupTopupBonus\SQLRecordSetGroupTopupBonus.cpp">
      <Filter>Source Files</Filter>
    </ClCompile>
    <ClCompile Include="..\SPosLoyalty4Shared\SQLTable_Group\SQLRowGroupLegacy.cpp">
      <Filter>Source Files</Filter>
    </ClCompile>
    <ClCompile Include="..\SPosLoyalty4Shared\SQLTable_Group\SQLRecordSetGroupLegacy.cpp">
      <Filter>Source Files</Filter>
    </ClCompile>
    <ClCompile Include="..\SPosLoyalty4Shared\SQLTable_Group\SQLRecordSetGroup.cpp">
      <Filter>Source Files</Filter>
    </ClCompile>
    <ClCompile Include="..\SPosLoyalty4Shared\SQLTable_Group\SQLRowGroup.cpp">
      <Filter>Source Files</Filter>
    </ClCompile>
    <ClCompile Include="SQLRowSetGroup.cpp">
      <Filter>Source Files</Filter>
    </ClCompile>
    <ClCompile Include="SQLRowSetGroupTopupBonus.cpp">
      <Filter>Source Files</Filter>
    </ClCompile>
    <ClCompile Include="..\SPosLoyalty4Shared\SQLTable_Scheme\SQLFieldValidatorScheme.cpp">
      <Filter>Source Files</Filter>
    </ClCompile>
    <ClCompile Include="..\SPosLoyalty4Shared\SQLTable_Scheme\SQLRepositoryScheme.cpp">
      <Filter>Source Files</Filter>
    </ClCompile>
    <ClCompile Include="..\SPosLoyalty4Shared\SQLTable_Scheme\SQLRecordSetScheme.cpp">
      <Filter>Source Files</Filter>
    </ClCompile>
    <ClCompile Include="..\SPosLoyalty4Shared\SQLTable_Scheme\SQLRowScheme.cpp">
      <Filter>Source Files</Filter>
    </ClCompile>
    <ClCompile Include="ListDataSchemeNamesDlg.cpp">
      <Filter>Source Files</Filter>
    </ClCompile>
    <ClCompile Include="..\SPosLoyalty4Shared\UserTexts.cpp">
      <Filter>Source Files</Filter>
    </ClCompile>
    <ClCompile Include="ServerPropertyPage9.cpp">
      <Filter>Source Files</Filter>
    </ClCompile>
    <ClCompile Include="AuditReportActionDlg.cpp">
      <Filter>Source Files</Filter>
    </ClCompile>
    <ClCompile Include="..\SPosLoyalty4Shared\LoyaltyLockManager.cpp">
      <Filter>Source Files</Filter>
    </ClCompile>
    <ClCompile Include="..\SPosLoyalty4Shared\ConsolidationMap.cpp">
      <Filter>Source Files</Filter>
    </ClCompile>
    <ClCompile Include="..\SPosLoyalty4Shared\SQLRecordSetMetadata.cpp">
      <Filter>Source Files</Filter>
    </ClCompile>
    <ClCompile Include="..\SPosLoyalty4Shared\SQLTable_EcrmanDatabase\SQLRepositoryEcrmanDatabase.cpp">
      <Filter>Source Files</Filter>
    </ClCompile>
    <ClCompile Include="..\SPosLoyalty4Shared\SQLTable_CCNo\SQLRepositoryCCNo.cpp">
      <Filter>Source Files</Filter>
    </ClCompile>
    <ClCompile Include="..\SPosLoyalty4Shared\GlobalState.cpp">
      <Filter>Source Files</Filter>
    </ClCompile>
    <ClCompile Include="AuditFix.cpp">
      <Filter>Source Files</Filter>
    </ClCompile>
    <ClCompile Include="ProjectSQLRecordSetAccountFull.cpp">
      <Filter>Source Files</Filter>
    </ClCompile>
    <ClCompile Include="ProjectSQLRecordSetDbVersion.cpp">
      <Filter>Source Files</Filter>
    </ClCompile>
    <ClCompile Include="ProjectSQLRecordSetGroup.cpp">
      <Filter>Source Files</Filter>
    </ClCompile>
    <ClCompile Include="ProjectSQLRecordSetGroupTopupBonus.cpp">
      <Filter>Source Files</Filter>
    </ClCompile>
    <ClCompile Include="ProjectSQLRecordSetExternalAccount.cpp">
      <Filter>Source Files</Filter>
    </ClCompile>
    <ClCompile Include="ProjectSQLRecordSetPluInfo.cpp">
      <Filter>Source Files</Filter>
    </ClCompile>
    <ClCompile Include="ProjectSQLRecordSetDeptInfo.cpp">
      <Filter>Source Files</Filter>
    </ClCompile>
    <ClCompile Include="ProjectSQLRecordSetStaffCard.cpp">
      <Filter>Source Files</Filter>
    </ClCompile>
    <ClCompile Include="ProjectSQLRecordSetStaffGiftException.cpp">
      <Filter>Source Files</Filter>
    </ClCompile>
    <ClCompile Include="ProjectSQLRecordSetCCNo.cpp">
      <Filter>Source Files</Filter>
    </ClCompile>
    <ClCompile Include="ProjectSQLRecordSetAuditPeriod.cpp">
      <Filter>Source Files</Filter>
    </ClCompile>
    <ClCompile Include="ProjectSQLRecordSetOfferStamp.cpp">
      <Filter>Source Files</Filter>
    </ClCompile>
    <ClCompile Include="ProjectSQLRecordSetStampOfferInfo.cpp">
      <Filter>Source Files</Filter>
    </ClCompile>
    <ClCompile Include="ProjectSQLRecordSetEcrmanDatabase.cpp">
      <Filter>Source Files</Filter>
    </ClCompile>
    <ClCompile Include="ProjectSQLRecordSetScheme.cpp">
      <Filter>Source Files</Filter>
    </ClCompile>
    <ClCompile Include="ProjectGlobalFunctions.cpp">
      <Filter>Source Files</Filter>
    </ClCompile>
    <ClCompile Include="ProjectLoyaltyAuditFile.cpp">
      <Filter>Source Files</Filter>
    </ClCompile>
    <ClCompile Include="ProjectSQLRepositoryAccount.cpp">
      <Filter>Source Files</Filter>
    </ClCompile>
    <ClCompile Include="ProjectSQLRepositoryGroupTopupBonus.cpp">
      <Filter>Source Files</Filter>
    </ClCompile>
    <ClCompile Include="ProjectSQLRepositoryGroup.cpp">
      <Filter>Source Files</Filter>
    </ClCompile>
    <ClCompile Include="ProjectSQLRepositoryExternalAccount.cpp">
      <Filter>Source Files</Filter>
    </ClCompile>
    <ClCompile Include="ProjectSQLRepositoryPluInfo.cpp">
      <Filter>Source Files</Filter>
    </ClCompile>
    <ClCompile Include="ProjectSQLRepositoryDeptInfo.cpp">
      <Filter>Source Files</Filter>
    </ClCompile>
    <ClCompile Include="ProjectSQLRepositoryStaffCard.cpp">
      <Filter>Source Files</Filter>
    </ClCompile>
    <ClCompile Include="ProjectSQLRepositoryStaffGiftException.cpp">
      <Filter>Source Files</Filter>
    </ClCompile>
    <ClCompile Include="ProjectSQLRepositoryOfferStamp.cpp">
      <Filter>Source Files</Filter>
    </ClCompile>
    <ClCompile Include="ProjectSQLRepositoryStampOfferInfo.cpp">
      <Filter>Source Files</Filter>
    </ClCompile>
    <ClCompile Include="ProjectSQLRepositoryEcrmanDatabase.cpp">
      <Filter>Source Files</Filter>
    </ClCompile>
    <ClCompile Include="ProjectSQLRepositoryScheme.cpp">
      <Filter>Source Files</Filter>
    </ClCompile>
    <ClCompile Include="ProjectSQLRepositoryCCNo.cpp">
      <Filter>Source Files</Filter>
    </ClCompile>
    <ClCompile Include="ProjectSQLRepositoryAuditPeriod.cpp">
      <Filter>Source Files</Filter>
    </ClCompile>
  </ItemGroup>
  <ItemGroup>
    <ResourceCompile Include="SPosLoyalty4Manager.rc">
      <Filter>Resource Files</Filter>
    </ResourceCompile>
  </ItemGroup>
  <ItemGroup>
    <None Include="res\SPosLoyalty4Manager.rc2">
      <Filter>Resource Files</Filter>
    </None>
  </ItemGroup>
  <ItemGroup>
    <Image Include="res\SPosLoyalty4Manager.ico">
      <Filter>Resource Files</Filter>
    </Image>
    <Image Include="res\SPosLoyalty4Server.ico">
      <Filter>Resource Files</Filter>
    </Image>
  </ItemGroup>
  <ItemGroup>
    <Manifest Include="sposloyalty4manager.exe.manifest" />
  </ItemGroup>
</Project>